// !$*UTF8*$!
{
	archiveVersion = 1;
	classes = {
	};
	objectVersion = 50;
	objects = {

/* Begin PBXBuildFile section */
		D07D1AC5214A586A00162D30 /* AlpEditingPublishingViewController.m in Sources */ = {isa = PBXBuildFile; fileRef = D07D1AC4214A586A00162D30 /* AlpEditingPublishingViewController.m */; };
		D07D1AC8214A59AA00162D30 /* AlpEditVideoViewController.m in Sources */ = {isa = PBXBuildFile; fileRef = D07D1AC7214A59AA00162D30 /* AlpEditVideoViewController.m */; };
		D07D1ACB214A5AFF00162D30 /* AlpMusicItemCollectionViewCell.m in Sources */ = {isa = PBXBuildFile; fileRef = D07D1ACA214A5AFF00162D30 /* AlpMusicItemCollectionViewCell.m */; };
		D09D27CB2148BB650097B0EF /* AppDelegate.m in Sources */ = {isa = PBXBuildFile; fileRef = D09D27CA2148BB650097B0EF /* AppDelegate.m */; };
		D09D27CE2148BB650097B0EF /* ViewController.m in Sources */ = {isa = PBXBuildFile; fileRef = D09D27CD2148BB650097B0EF /* ViewController.m */; };
		D09D27D32148BB670097B0EF /* Assets.xcassets in Resources */ = {isa = PBXBuildFile; fileRef = D09D27D22148BB670097B0EF /* Assets.xcassets */; };
		D09D27D62148BB670097B0EF /* LaunchScreen.storyboard in Resources */ = {isa = PBXBuildFile; fileRef = D09D27D42148BB670097B0EF /* LaunchScreen.storyboard */; };
		D09D27D92148BB670097B0EF /* main.m in Sources */ = {isa = PBXBuildFile; fileRef = D09D27D82148BB670097B0EF /* main.m */; };
		D09D2B262148CB380097B0EF /* stickers559.jpg in Resources */ = {isa = PBXBuildFile; fileRef = D09D2A3F2148CB370097B0EF /* stickers559.jpg */; };
		D09D2B272148CB380097B0EF /* stickers564.jpg in Resources */ = {isa = PBXBuildFile; fileRef = D09D2A402148CB370097B0EF /* stickers564.jpg */; };
		D09D2B282148CB380097B0EF /* stickers558.jpg in Resources */ = {isa = PBXBuildFile; fileRef = D09D2A412148CB370097B0EF /* stickers558.jpg */; };
		D09D2B292148CB380097B0EF /* stickers563.jpg in Resources */ = {isa = PBXBuildFile; fileRef = D09D2A422148CB370097B0EF /* stickers563.jpg */; };
		D09D2B2A2148CB380097B0EF /* stickers562.jpg in Resources */ = {isa = PBXBuildFile; fileRef = D09D2A432148CB370097B0EF /* stickers562.jpg */; };
		D09D2B2B2148CB380097B0EF /* stickers560.jpg in Resources */ = {isa = PBXBuildFile; fileRef = D09D2A442148CB370097B0EF /* stickers560.jpg */; };
		D09D2B2C2148CB380097B0EF /* stickers548.jpg in Resources */ = {isa = PBXBuildFile; fileRef = D09D2A452148CB370097B0EF /* stickers548.jpg */; };
		D09D2B2D2148CB380097B0EF /* stickers549.jpg in Resources */ = {isa = PBXBuildFile; fileRef = D09D2A462148CB370097B0EF /* stickers549.jpg */; };
		D09D2B2E2148CB380097B0EF /* stickers561.jpg in Resources */ = {isa = PBXBuildFile; fileRef = D09D2A472148CB370097B0EF /* stickers561.jpg */; };
		D09D2B2F2148CB380097B0EF /* stickers539.jpg in Resources */ = {isa = PBXBuildFile; fileRef = D09D2A482148CB370097B0EF /* stickers539.jpg */; };
		D09D2B302148CB380097B0EF /* stickers538.jpg in Resources */ = {isa = PBXBuildFile; fileRef = D09D2A492148CB370097B0EF /* stickers538.jpg */; };
		D09D2B312148CB380097B0EF /* stickers.json in Resources */ = {isa = PBXBuildFile; fileRef = D09D2A4A2148CB370097B0EF /* stickers.json */; };
		D09D2B322148CB380097B0EF /* stickers529.jpg in Resources */ = {isa = PBXBuildFile; fileRef = D09D2A4B2148CB370097B0EF /* stickers529.jpg */; };
		D09D2B332148CB380097B0EF /* stickers533.jpg in Resources */ = {isa = PBXBuildFile; fileRef = D09D2A4C2148CB370097B0EF /* stickers533.jpg */; };
		D09D2B342148CB380097B0EF /* stickers532.jpg in Resources */ = {isa = PBXBuildFile; fileRef = D09D2A4D2148CB370097B0EF /* stickers532.jpg */; };
		D09D2B352148CB380097B0EF /* stickers530.jpg in Resources */ = {isa = PBXBuildFile; fileRef = D09D2A4E2148CB370097B0EF /* stickers530.jpg */; };
		D09D2B362148CB380097B0EF /* stickers531.jpg in Resources */ = {isa = PBXBuildFile; fileRef = D09D2A4F2148CB370097B0EF /* stickers531.jpg */; };
		D09D2B372148CB380097B0EF /* stickers535.jpg in Resources */ = {isa = PBXBuildFile; fileRef = D09D2A502148CB370097B0EF /* stickers535.jpg */; };
		D09D2B382148CB380097B0EF /* stickers534.jpg in Resources */ = {isa = PBXBuildFile; fileRef = D09D2A512148CB370097B0EF /* stickers534.jpg */; };
		D09D2B392148CB380097B0EF /* stickers536.jpg in Resources */ = {isa = PBXBuildFile; fileRef = D09D2A522148CB370097B0EF /* stickers536.jpg */; };
		D09D2B3A2148CB380097B0EF /* stickers537.jpg in Resources */ = {isa = PBXBuildFile; fileRef = D09D2A532148CB370097B0EF /* stickers537.jpg */; };
		D09D2B3B2148CB380097B0EF /* stickers550.jpg in Resources */ = {isa = PBXBuildFile; fileRef = D09D2A542148CB370097B0EF /* stickers550.jpg */; };
		D09D2B3C2148CB380097B0EF /* stickers544.jpg in Resources */ = {isa = PBXBuildFile; fileRef = D09D2A552148CB370097B0EF /* stickers544.jpg */; };
		D09D2B3D2148CB380097B0EF /* stickers545.jpg in Resources */ = {isa = PBXBuildFile; fileRef = D09D2A562148CB370097B0EF /* stickers545.jpg */; };
		D09D2B3E2148CB380097B0EF /* stickers551.jpg in Resources */ = {isa = PBXBuildFile; fileRef = D09D2A572148CB370097B0EF /* stickers551.jpg */; };
		D09D2B3F2148CB380097B0EF /* stickers547.jpg in Resources */ = {isa = PBXBuildFile; fileRef = D09D2A582148CB370097B0EF /* stickers547.jpg */; };
		D09D2B402148CB380097B0EF /* stickers553.jpg in Resources */ = {isa = PBXBuildFile; fileRef = D09D2A592148CB370097B0EF /* stickers553.jpg */; };
		D09D2B412148CB380097B0EF /* stickers552.jpg in Resources */ = {isa = PBXBuildFile; fileRef = D09D2A5A2148CB370097B0EF /* stickers552.jpg */; };
		D09D2B422148CB380097B0EF /* stickers546.jpg in Resources */ = {isa = PBXBuildFile; fileRef = D09D2A5B2148CB370097B0EF /* stickers546.jpg */; };
		D09D2B432148CB380097B0EF /* stickers542.jpg in Resources */ = {isa = PBXBuildFile; fileRef = D09D2A5C2148CB370097B0EF /* stickers542.jpg */; };
		D09D2B442148CB380097B0EF /* stickers556.jpg in Resources */ = {isa = PBXBuildFile; fileRef = D09D2A5D2148CB370097B0EF /* stickers556.jpg */; };
		D09D2B452148CB380097B0EF /* stickers557.jpg in Resources */ = {isa = PBXBuildFile; fileRef = D09D2A5E2148CB370097B0EF /* stickers557.jpg */; };
		D09D2B462148CB380097B0EF /* stickers543.jpg in Resources */ = {isa = PBXBuildFile; fileRef = D09D2A5F2148CB370097B0EF /* stickers543.jpg */; };
		D09D2B472148CB380097B0EF /* stickers555.jpg in Resources */ = {isa = PBXBuildFile; fileRef = D09D2A602148CB370097B0EF /* stickers555.jpg */; };
		D09D2B482148CB380097B0EF /* stickers541.jpg in Resources */ = {isa = PBXBuildFile; fileRef = D09D2A612148CB370097B0EF /* stickers541.jpg */; };
		D09D2B492148CB380097B0EF /* stickers540.jpg in Resources */ = {isa = PBXBuildFile; fileRef = D09D2A622148CB370097B0EF /* stickers540.jpg */; };
		D09D2B4A2148CB380097B0EF /* stickers554.jpg in Resources */ = {isa = PBXBuildFile; fileRef = D09D2A632148CB370097B0EF /* stickers554.jpg */; };
		D09D2B4D2148CB380097B0EF /* SDAVAssetExportSession.m in Sources */ = {isa = PBXBuildFile; fileRef = D09D2A6B2148CB370097B0EF /* SDAVAssetExportSession.m */; };
		D09D2B4E2148CB380097B0EF /* lookup_soft_elegance_2.png in Resources */ = {isa = PBXBuildFile; fileRef = D09D2A6D2148CB370097B0EF /* lookup_soft_elegance_2.png */; };
		D09D2B4F2148CB380097B0EF /* lookup_soft_elegance_1.png in Resources */ = {isa = PBXBuildFile; fileRef = D09D2A6E2148CB370097B0EF /* lookup_soft_elegance_1.png */; };
		D09D2B502148CB380097B0EF /* GPUImageAmatorkaFilter.png in Resources */ = {isa = PBXBuildFile; fileRef = D09D2A6F2148CB370097B0EF /* GPUImageAmatorkaFilter.png */; };
		D09D2B512148CB380097B0EF /* LFGPUImageEmptyFilter.png in Resources */ = {isa = PBXBuildFile; fileRef = D09D2A702148CB370097B0EF /* LFGPUImageEmptyFilter.png */; };
		D09D2B522148CB380097B0EF /* GPUImageToonFilter.png in Resources */ = {isa = PBXBuildFile; fileRef = D09D2A712148CB370097B0EF /* GPUImageToonFilter.png */; };
		D09D2B532148CB380097B0EF /* GPUImageSepiaFilter.png in Resources */ = {isa = PBXBuildFile; fileRef = D09D2A722148CB370097B0EF /* GPUImageSepiaFilter.png */; };
		D09D2B542148CB380097B0EF /* lookup_amatorka.png in Resources */ = {isa = PBXBuildFile; fileRef = D09D2A732148CB370097B0EF /* lookup_amatorka.png */; };
		D09D2B552148CB380097B0EF /* GPUImageSketchFilter.png in Resources */ = {isa = PBXBuildFile; fileRef = D09D2A742148CB370097B0EF /* GPUImageSketchFilter.png */; };
		D09D2B562148CB380097B0EF /* GPUImageSoftEleganceFilter.png in Resources */ = {isa = PBXBuildFile; fileRef = D09D2A752148CB370097B0EF /* GPUImageSoftEleganceFilter.png */; };
		D09D2B572148CB380097B0EF /* LFGPUImageEmptyFilter.jpeg in Resources */ = {isa = PBXBuildFile; fileRef = D09D2A762148CB370097B0EF /* LFGPUImageEmptyFilter.jpeg */; };
		D09D2B582148CB380097B0EF /* GPUImageSaturationFilter2.png in Resources */ = {isa = PBXBuildFile; fileRef = D09D2A772148CB370097B0EF /* GPUImageSaturationFilter2.png */; };
		D09D2B592148CB380097B0EF /* GPUImageMissEtikateFilter.png in Resources */ = {isa = PBXBuildFile; fileRef = D09D2A782148CB370097B0EF /* GPUImageMissEtikateFilter.png */; };
		D09D2B5A2148CB380097B0EF /* GPUImageSaturationFilter0.png in Resources */ = {isa = PBXBuildFile; fileRef = D09D2A792148CB370097B0EF /* GPUImageSaturationFilter0.png */; };
		D09D2B5B2148CB380097B0EF /* lookup_miss_etikate.png in Resources */ = {isa = PBXBuildFile; fileRef = D09D2A7A2148CB370097B0EF /* lookup_miss_etikate.png */; };
		D09D2B5D2148CB380097B0EF /* cammera@2x.png in Resources */ = {isa = PBXBuildFile; fileRef = D09D2A7D2148CB370097B0EF /* cammera@2x.png */; };
		D09D2B5E2148CB380097B0EF /* BackToHome@2x.png in Resources */ = {isa = PBXBuildFile; fileRef = D09D2A7E2148CB370097B0EF /* BackToHome@2x.png */; };
		D09D2B5F2148CB380097B0EF /* music.png in Resources */ = {isa = PBXBuildFile; fileRef = D09D2A7F2148CB370097B0EF /* music.png */; };
		D09D2B602148CB380097B0EF /* BackToHome@3x.png in Resources */ = {isa = PBXBuildFile; fileRef = D09D2A802148CB370097B0EF /* BackToHome@3x.png */; };
		D09D2B612148CB380097B0EF /* closeTabView@2x.png in Resources */ = {isa = PBXBuildFile; fileRef = D09D2A812148CB370097B0EF /* closeTabView@2x.png */; };
		D09D2B622148CB380097B0EF /* cammera@3x.png in Resources */ = {isa = PBXBuildFile; fileRef = D09D2A822148CB370097B0EF /* cammera@3x.png */; };
		D09D2B632148CB380097B0EF /* record_ico_input_1@3x.png in Resources */ = {isa = PBXBuildFile; fileRef = D09D2A832148CB370097B0EF /* record_ico_input_1@3x.png */; };
		D09D2B642148CB380097B0EF /* beautyON@3x.png in Resources */ = {isa = PBXBuildFile; fileRef = D09D2A842148CB370097B0EF /* beautyON@3x.png */; };
		D09D2B652148CB380097B0EF /* BackToVideoCammer@2x.png in Resources */ = {isa = PBXBuildFile; fileRef = D09D2A852148CB370097B0EF /* BackToVideoCammer@2x.png */; };
		D09D2B662148CB380097B0EF /* nilMusic.png in Resources */ = {isa = PBXBuildFile; fileRef = D09D2A862148CB370097B0EF /* nilMusic.png */; };
		D09D2B672148CB380097B0EF /* del@2x.png in Resources */ = {isa = PBXBuildFile; fileRef = D09D2A872148CB370097B0EF /* del@2x.png */; };
		D09D2B682148CB380097B0EF /* del@3x.png in Resources */ = {isa = PBXBuildFile; fileRef = D09D2A882148CB370097B0EF /* del@3x.png */; };
		D09D2B692148CB380097B0EF /* BackToVideoCammer@3x.png in Resources */ = {isa = PBXBuildFile; fileRef = D09D2A892148CB370097B0EF /* BackToVideoCammer@3x.png */; };
		D09D2B6A2148CB380097B0EF /* record_ico_input_1@2x.png in Resources */ = {isa = PBXBuildFile; fileRef = D09D2A8A2148CB370097B0EF /* record_ico_input_1@2x.png */; };
		D09D2B6B2148CB380097B0EF /* beautyON@2x.png in Resources */ = {isa = PBXBuildFile; fileRef = D09D2A8B2148CB370097B0EF /* beautyON@2x.png */; };
		D09D2B6D2148CB380097B0EF /* 96.png in Resources */ = {isa = PBXBuildFile; fileRef = D09D2A8D2148CB370097B0EF /* 96.png */; };
		D09D2B6E2148CB380097B0EF /* beautyOFF@3x.png in Resources */ = {isa = PBXBuildFile; fileRef = D09D2A8E2148CB370097B0EF /* beautyOFF@3x.png */; };
		D09D2B6F2148CB380097B0EF /* complete@3x.png in Resources */ = {isa = PBXBuildFile; fileRef = D09D2A8F2148CB370097B0EF /* complete@3x.png */; };
		D09D2B702148CB380097B0EF /* complete@2x.png in Resources */ = {isa = PBXBuildFile; fileRef = D09D2A902148CB370097B0EF /* complete@2x.png */; };
		D09D2B712148CB380097B0EF /* beautyOFF@2x.png in Resources */ = {isa = PBXBuildFile; fileRef = D09D2A912148CB370097B0EF /* beautyOFF@2x.png */; };
		D09D2B722148CB380097B0EF /* UIView+Tools.m in Sources */ = {isa = PBXBuildFile; fileRef = D09D2A932148CB370097B0EF /* UIView+Tools.m */; };
		D09D2BC92148CB380097B0EF /* GPUImageBeautifyFilter.m in Sources */ = {isa = PBXBuildFile; fileRef = D09D2AF02148CB370097B0EF /* GPUImageBeautifyFilter.m */; };
		D09D2BCA2148CB380097B0EF /* LFGPUImageEmptyFilter.m in Sources */ = {isa = PBXBuildFile; fileRef = D09D2AF12148CB370097B0EF /* LFGPUImageEmptyFilter.m */; };
		D09D2C812148E5550097B0EF /* icon_weixin@3x.png in Resources */ = {isa = PBXBuildFile; fileRef = D09D2C782148E5540097B0EF /* icon_weixin@3x.png */; };
		D09D2C822148E5550097B0EF /* GiftCheckmarkIcon@2x.png in Resources */ = {isa = PBXBuildFile; fileRef = D09D2C792148E5540097B0EF /* GiftCheckmarkIcon@2x.png */; };
		D09D2C832148E5550097B0EF /* icon_weixin_pyq@3x.png in Resources */ = {isa = PBXBuildFile; fileRef = D09D2C7A2148E5550097B0EF /* icon_weixin_pyq@3x.png */; };
		D09D2C852148E5550097B0EF /* icon_weixin_selected@2x.png in Resources */ = {isa = PBXBuildFile; fileRef = D09D2C7C2148E5550097B0EF /* icon_weixin_selected@2x.png */; };
		D09D2C862148E5550097B0EF /* icon_weixin_pyq_selected@3x.png in Resources */ = {isa = PBXBuildFile; fileRef = D09D2C7D2148E5550097B0EF /* icon_weixin_pyq_selected@3x.png */; };
		D09D2C872148E5550097B0EF /* icon_weixin@2x.png in Resources */ = {isa = PBXBuildFile; fileRef = D09D2C7E2148E5550097B0EF /* icon_weixin@2x.png */; };
		D09D2C882148E5550097B0EF /* icon_weixin_selected@3x.png in Resources */ = {isa = PBXBuildFile; fileRef = D09D2C7F2148E5550097B0EF /* icon_weixin_selected@3x.png */; };
		D09D2C892148E5550097B0EF /* icon_weixin_pyq@2x.png in Resources */ = {isa = PBXBuildFile; fileRef = D09D2C802148E5550097B0EF /* icon_weixin_pyq@2x.png */; };
		D09D2C8B2148E5EE0097B0EF /* icon_weixin_pyq_selected@2x.png in Resources */ = {isa = PBXBuildFile; fileRef = D09D2C8A2148E5ED0097B0EF /* icon_weixin_pyq_selected@2x.png */; };
		D213E8A221496251002B8E63 /* AlpVideoCameraViewController.m in Sources */ = {isa = PBXBuildFile; fileRef = D213E8A121496251002B8E63 /* AlpVideoCameraViewController.m */; };
		D213E8A521496B7E002B8E63 /* ALPVideoCameraView.m in Sources */ = {isa = PBXBuildFile; fileRef = D213E8A421496B7E002B8E63 /* ALPVideoCameraView.m */; };
		D26A90D1214DF6BA00C118CA /* icon_watermark.png in Resources */ = {isa = PBXBuildFile; fileRef = D26A90D0214DF6B900C118CA /* icon_watermark.png */; };
		D26A90D4214DF8CF00C118CA /* Fullscreen@3x.png in Resources */ = {isa = PBXBuildFile; fileRef = D26A90D2214DF8CF00C118CA /* Fullscreen@3x.png */; };
		D26A90D5214DF8CF00C118CA /* Fullscreen@2x.png in Resources */ = {isa = PBXBuildFile; fileRef = D26A90D3214DF8CF00C118CA /* Fullscreen@2x.png */; };
		D26A90D8214DFD9A00C118CA /* UIImage+AlpExtensions.m in Sources */ = {isa = PBXBuildFile; fileRef = D26A90D7214DFD9A00C118CA /* UIImage+AlpExtensions.m */; };
		D26A90DF214E036800C118CA /* iconBeautyOff2_40x40_@3x.png in Resources */ = {isa = PBXBuildFile; fileRef = D26A90D9214E036700C118CA /* iconBeautyOff2_40x40_@3x.png */; };
		D26A90E0214E036800C118CA /* iconBeautyOn2_40x40_@2x.png in Resources */ = {isa = PBXBuildFile; fileRef = D26A90DA214E036700C118CA /* iconBeautyOn2_40x40_@2x.png */; };
		D26A90E1214E036800C118CA /* iconBeauty_27x27_@3x.png in Resources */ = {isa = PBXBuildFile; fileRef = D26A90DB214E036800C118CA /* iconBeauty_27x27_@3x.png */; };
		D26A90E2214E036800C118CA /* iconBeautyOn2_40x40_@3x.png in Resources */ = {isa = PBXBuildFile; fileRef = D26A90DC214E036800C118CA /* iconBeautyOn2_40x40_@3x.png */; };
		D26A90E3214E036800C118CA /* iconBeauty_27x27_@2x.png in Resources */ = {isa = PBXBuildFile; fileRef = D26A90DD214E036800C118CA /* iconBeauty_27x27_@2x.png */; };
		D26A90E4214E036800C118CA /* iconBeautyOff2_40x40_@2x.png in Resources */ = {isa = PBXBuildFile; fileRef = D26A90DE214E036800C118CA /* iconBeautyOff2_40x40_@2x.png */; };
		D26A90E7214E05E400C118CA /* UIViewController+AlpExtensions.m in Sources */ = {isa = PBXBuildFile; fileRef = D26A90E6214E05E400C118CA /* UIViewController+AlpExtensions.m */; };
		D26A90EA214E0A1700C118CA /* AlpVideoCameraUtils.m in Sources */ = {isa = PBXBuildFile; fileRef = D26A90E9214E0A1700C118CA /* AlpVideoCameraUtils.m */; };
		D26A9577214E969700C118CA /* 6401.jpeg in Resources */ = {isa = PBXBuildFile; fileRef = D26A954E214E969600C118CA /* 6401.jpeg */; };
		D26A9578214E969700C118CA /* 6513.jpeg in Resources */ = {isa = PBXBuildFile; fileRef = D26A954F214E969600C118CA /* 6513.jpeg */; };
		D26A9579214E969700C118CA /* 6533.jpeg in Resources */ = {isa = PBXBuildFile; fileRef = D26A9550214E969600C118CA /* 6533.jpeg */; };
		D26A957A214E969700C118CA /* 6476.jpeg in Resources */ = {isa = PBXBuildFile; fileRef = D26A9551214E969600C118CA /* 6476.jpeg */; };
		D26A957B214E969700C118CA /* musics.json in Resources */ = {isa = PBXBuildFile; fileRef = D26A9552214E969600C118CA /* musics.json */; };
		D26A957C214E969700C118CA /* 6540.mp3 in Resources */ = {isa = PBXBuildFile; fileRef = D26A9553214E969600C118CA /* 6540.mp3 */; };
		D26A957D214E969700C118CA /* 6427.mp3 in Resources */ = {isa = PBXBuildFile; fileRef = D26A9554214E969600C118CA /* 6427.mp3 */; };
		D26A957E214E969700C118CA /* 6302.jpeg in Resources */ = {isa = PBXBuildFile; fileRef = D26A9555214E969600C118CA /* 6302.jpeg */; };
		D26A957F214E969700C118CA /* 6535.mp3 in Resources */ = {isa = PBXBuildFile; fileRef = D26A9556214E969600C118CA /* 6535.mp3 */; };
		D26A9580214E969700C118CA /* 12161.jpeg in Resources */ = {isa = PBXBuildFile; fileRef = D26A9557214E969600C118CA /* 12161.jpeg */; };
		D26A9581214E969700C118CA /* 6427.jpeg in Resources */ = {isa = PBXBuildFile; fileRef = D26A9558214E969600C118CA /* 6427.jpeg */; };
		D26A9582214E969700C118CA /* 6535.jpeg in Resources */ = {isa = PBXBuildFile; fileRef = D26A9559214E969600C118CA /* 6535.jpeg */; };
		D26A9583214E969700C118CA /* 6455.mp3 in Resources */ = {isa = PBXBuildFile; fileRef = D26A955A214E969600C118CA /* 6455.mp3 */; };
		D26A9584214E969700C118CA /* 6534.mp3 in Resources */ = {isa = PBXBuildFile; fileRef = D26A955B214E969600C118CA /* 6534.mp3 */; };
		D26A9585214E969700C118CA /* 6536.mp3 in Resources */ = {isa = PBXBuildFile; fileRef = D26A955C214E969600C118CA /* 6536.mp3 */; };
		D26A9586214E969700C118CA /* 6533.mp3 in Resources */ = {isa = PBXBuildFile; fileRef = D26A955D214E969600C118CA /* 6533.mp3 */; };
		D26A9587214E969700C118CA /* 12161.mp3 in Resources */ = {isa = PBXBuildFile; fileRef = D26A955E214E969600C118CA /* 12161.mp3 */; };
		D26A9588214E969700C118CA /* 6534.jpeg in Resources */ = {isa = PBXBuildFile; fileRef = D26A955F214E969600C118CA /* 6534.jpeg */; };
		D26A9589214E969700C118CA /* 6475.mp3 in Resources */ = {isa = PBXBuildFile; fileRef = D26A9560214E969600C118CA /* 6475.mp3 */; };
		D26A958A214E969700C118CA /* 6472.jpeg in Resources */ = {isa = PBXBuildFile; fileRef = D26A9561214E969600C118CA /* 6472.jpeg */; };
		D26A958B214E969700C118CA /* 12186.mp3 in Resources */ = {isa = PBXBuildFile; fileRef = D26A9562214E969600C118CA /* 12186.mp3 */; };
		D26A958C214E969700C118CA /* 6540.jpeg in Resources */ = {isa = PBXBuildFile; fileRef = D26A9563214E969600C118CA /* 6540.jpeg */; };
		D26A958D214E969700C118CA /* 6476.mp3 in Resources */ = {isa = PBXBuildFile; fileRef = D26A9564214E969600C118CA /* 6476.mp3 */; };
		D26A958E214E969700C118CA /* 6429.jpeg in Resources */ = {isa = PBXBuildFile; fileRef = D26A9565214E969600C118CA /* 6429.jpeg */; };
		D26A958F214E969700C118CA /* 6472.mp3 in Resources */ = {isa = PBXBuildFile; fileRef = D26A9566214E969600C118CA /* 6472.mp3 */; };
		D26A9590214E969700C118CA /* 6404.jpeg in Resources */ = {isa = PBXBuildFile; fileRef = D26A9567214E969600C118CA /* 6404.jpeg */; };
		D26A9591214E969700C118CA /* 6473.mp3 in Resources */ = {isa = PBXBuildFile; fileRef = D26A9568214E969600C118CA /* 6473.mp3 */; };
		D26A9592214E969700C118CA /* 6513.mp3 in Resources */ = {isa = PBXBuildFile; fileRef = D26A9569214E969600C118CA /* 6513.mp3 */; };
		D26A9593214E969700C118CA /* 6473.jpeg in Resources */ = {isa = PBXBuildFile; fileRef = D26A956A214E969600C118CA /* 6473.jpeg */; };
		D26A9594214E969700C118CA /* 6536.jpeg in Resources */ = {isa = PBXBuildFile; fileRef = D26A956B214E969600C118CA /* 6536.jpeg */; };
		D26A9595214E969700C118CA /* 6302.mp3 in Resources */ = {isa = PBXBuildFile; fileRef = D26A956C214E969600C118CA /* 6302.mp3 */; };
		D26A9596214E969700C118CA /* 5192.mp3 in Resources */ = {isa = PBXBuildFile; fileRef = D26A956D214E969600C118CA /* 5192.mp3 */; };
		D26A9597214E969700C118CA /* 6402.mp3 in Resources */ = {isa = PBXBuildFile; fileRef = D26A956E214E969600C118CA /* 6402.mp3 */; };
		D26A9598214E969700C118CA /* 5192.jpeg in Resources */ = {isa = PBXBuildFile; fileRef = D26A956F214E969600C118CA /* 5192.jpeg */; };
		D26A9599214E969700C118CA /* 12186.jpeg in Resources */ = {isa = PBXBuildFile; fileRef = D26A9570214E969600C118CA /* 12186.jpeg */; };
		D26A959A214E969700C118CA /* 6401.mp3 in Resources */ = {isa = PBXBuildFile; fileRef = D26A9571214E969600C118CA /* 6401.mp3 */; };
		D26A959B214E969700C118CA /* 6429.mp3 in Resources */ = {isa = PBXBuildFile; fileRef = D26A9572214E969600C118CA /* 6429.mp3 */; };
		D26A959C214E969700C118CA /* 6475.jpeg in Resources */ = {isa = PBXBuildFile; fileRef = D26A9573214E969600C118CA /* 6475.jpeg */; };
		D26A959D214E969700C118CA /* 6404.mp3 in Resources */ = {isa = PBXBuildFile; fileRef = D26A9574214E969600C118CA /* 6404.mp3 */; };
		D26A959E214E969700C118CA /* 6402.jpeg in Resources */ = {isa = PBXBuildFile; fileRef = D26A9575214E969600C118CA /* 6402.jpeg */; };
		D26A959F214E969700C118CA /* 6455.jpeg in Resources */ = {isa = PBXBuildFile; fileRef = D26A9576214E969600C118CA /* 6455.jpeg */; };
		FEBFDF1ED94F17084C32D2E9 /* libPods-AlpVideoCamera.a in Frameworks */ = {isa = PBXBuildFile; fileRef = CADB371C0B6A5A9FB848C148 /* libPods-AlpVideoCamera.a */; };
/* End PBXBuildFile section */

/* Begin PBXFileReference section */
		1B254D780EB7B31891BCF4E2 /* Pods-AlpVideoCamera.release.xcconfig */ = {isa = PBXFileReference; includeInIndex = 1; lastKnownFileType = text.xcconfig; name = "Pods-AlpVideoCamera.release.xcconfig"; path = "Pods/Target Support Files/Pods-AlpVideoCamera/Pods-AlpVideoCamera.release.xcconfig"; sourceTree = "<group>"; };
		CADB371C0B6A5A9FB848C148 /* libPods-AlpVideoCamera.a */ = {isa = PBXFileReference; explicitFileType = archive.ar; includeInIndex = 0; path = "libPods-AlpVideoCamera.a"; sourceTree = BUILT_PRODUCTS_DIR; };
		D07D1AC3214A586A00162D30 /* AlpEditingPublishingViewController.h */ = {isa = PBXFileReference; lastKnownFileType = sourcecode.c.h; path = AlpEditingPublishingViewController.h; sourceTree = "<group>"; };
		D07D1AC4214A586A00162D30 /* AlpEditingPublishingViewController.m */ = {isa = PBXFileReference; lastKnownFileType = sourcecode.c.objc; path = AlpEditingPublishingViewController.m; sourceTree = "<group>"; };
		D07D1AC6214A59AA00162D30 /* AlpEditVideoViewController.h */ = {isa = PBXFileReference; lastKnownFileType = sourcecode.c.h; path = AlpEditVideoViewController.h; sourceTree = "<group>"; };
		D07D1AC7214A59AA00162D30 /* AlpEditVideoViewController.m */ = {isa = PBXFileReference; lastKnownFileType = sourcecode.c.objc; path = AlpEditVideoViewController.m; sourceTree = "<group>"; };
		D07D1AC9214A5AFF00162D30 /* AlpMusicItemCollectionViewCell.h */ = {isa = PBXFileReference; lastKnownFileType = sourcecode.c.h; path = AlpMusicItemCollectionViewCell.h; sourceTree = "<group>"; };
		D07D1ACA214A5AFF00162D30 /* AlpMusicItemCollectionViewCell.m */ = {isa = PBXFileReference; lastKnownFileType = sourcecode.c.objc; path = AlpMusicItemCollectionViewCell.m; sourceTree = "<group>"; };
		D09D27C62148BB650097B0EF /* AlpVideoCamera.app */ = {isa = PBXFileReference; explicitFileType = wrapper.application; includeInIndex = 0; path = AlpVideoCamera.app; sourceTree = BUILT_PRODUCTS_DIR; };
		D09D27C92148BB650097B0EF /* AppDelegate.h */ = {isa = PBXFileReference; lastKnownFileType = sourcecode.c.h; path = AppDelegate.h; sourceTree = "<group>"; };
		D09D27CA2148BB650097B0EF /* AppDelegate.m */ = {isa = PBXFileReference; lastKnownFileType = sourcecode.c.objc; path = AppDelegate.m; sourceTree = "<group>"; };
		D09D27CC2148BB650097B0EF /* ViewController.h */ = {isa = PBXFileReference; lastKnownFileType = sourcecode.c.h; path = ViewController.h; sourceTree = "<group>"; };
		D09D27CD2148BB650097B0EF /* ViewController.m */ = {isa = PBXFileReference; lastKnownFileType = sourcecode.c.objc; path = ViewController.m; sourceTree = "<group>"; };
		D09D27D22148BB670097B0EF /* Assets.xcassets */ = {isa = PBXFileReference; lastKnownFileType = folder.assetcatalog; path = Assets.xcassets; sourceTree = "<group>"; };
		D09D27D52148BB670097B0EF /* Base */ = {isa = PBXFileReference; lastKnownFileType = file.storyboard; name = Base; path = Base.lproj/LaunchScreen.storyboard; sourceTree = "<group>"; };
		D09D27D72148BB670097B0EF /* Info.plist */ = {isa = PBXFileReference; lastKnownFileType = text.plist.xml; path = Info.plist; sourceTree = "<group>"; };
		D09D27D82148BB670097B0EF /* main.m */ = {isa = PBXFileReference; lastKnownFileType = sourcecode.c.objc; path = main.m; sourceTree = "<group>"; };
		D09D2A3F2148CB370097B0EF /* stickers559.jpg */ = {isa = PBXFileReference; lastKnownFileType = image.jpeg; path = stickers559.jpg; sourceTree = "<group>"; };
		D09D2A402148CB370097B0EF /* stickers564.jpg */ = {isa = PBXFileReference; lastKnownFileType = image.jpeg; path = stickers564.jpg; sourceTree = "<group>"; };
		D09D2A412148CB370097B0EF /* stickers558.jpg */ = {isa = PBXFileReference; lastKnownFileType = image.jpeg; path = stickers558.jpg; sourceTree = "<group>"; };
		D09D2A422148CB370097B0EF /* stickers563.jpg */ = {isa = PBXFileReference; lastKnownFileType = image.jpeg; path = stickers563.jpg; sourceTree = "<group>"; };
		D09D2A432148CB370097B0EF /* stickers562.jpg */ = {isa = PBXFileReference; lastKnownFileType = image.jpeg; path = stickers562.jpg; sourceTree = "<group>"; };
		D09D2A442148CB370097B0EF /* stickers560.jpg */ = {isa = PBXFileReference; lastKnownFileType = image.jpeg; path = stickers560.jpg; sourceTree = "<group>"; };
		D09D2A452148CB370097B0EF /* stickers548.jpg */ = {isa = PBXFileReference; lastKnownFileType = image.jpeg; path = stickers548.jpg; sourceTree = "<group>"; };
		D09D2A462148CB370097B0EF /* stickers549.jpg */ = {isa = PBXFileReference; lastKnownFileType = image.jpeg; path = stickers549.jpg; sourceTree = "<group>"; };
		D09D2A472148CB370097B0EF /* stickers561.jpg */ = {isa = PBXFileReference; lastKnownFileType = image.jpeg; path = stickers561.jpg; sourceTree = "<group>"; };
		D09D2A482148CB370097B0EF /* stickers539.jpg */ = {isa = PBXFileReference; lastKnownFileType = image.jpeg; path = stickers539.jpg; sourceTree = "<group>"; };
		D09D2A492148CB370097B0EF /* stickers538.jpg */ = {isa = PBXFileReference; lastKnownFileType = image.jpeg; path = stickers538.jpg; sourceTree = "<group>"; };
		D09D2A4A2148CB370097B0EF /* stickers.json */ = {isa = PBXFileReference; fileEncoding = 4; lastKnownFileType = text.json; path = stickers.json; sourceTree = "<group>"; };
		D09D2A4B2148CB370097B0EF /* stickers529.jpg */ = {isa = PBXFileReference; lastKnownFileType = image.jpeg; path = stickers529.jpg; sourceTree = "<group>"; };
		D09D2A4C2148CB370097B0EF /* stickers533.jpg */ = {isa = PBXFileReference; lastKnownFileType = image.jpeg; path = stickers533.jpg; sourceTree = "<group>"; };
		D09D2A4D2148CB370097B0EF /* stickers532.jpg */ = {isa = PBXFileReference; lastKnownFileType = image.jpeg; path = stickers532.jpg; sourceTree = "<group>"; };
		D09D2A4E2148CB370097B0EF /* stickers530.jpg */ = {isa = PBXFileReference; lastKnownFileType = image.jpeg; path = stickers530.jpg; sourceTree = "<group>"; };
		D09D2A4F2148CB370097B0EF /* stickers531.jpg */ = {isa = PBXFileReference; lastKnownFileType = image.jpeg; path = stickers531.jpg; sourceTree = "<group>"; };
		D09D2A502148CB370097B0EF /* stickers535.jpg */ = {isa = PBXFileReference; lastKnownFileType = image.jpeg; path = stickers535.jpg; sourceTree = "<group>"; };
		D09D2A512148CB370097B0EF /* stickers534.jpg */ = {isa = PBXFileReference; lastKnownFileType = image.jpeg; path = stickers534.jpg; sourceTree = "<group>"; };
		D09D2A522148CB370097B0EF /* stickers536.jpg */ = {isa = PBXFileReference; lastKnownFileType = image.jpeg; path = stickers536.jpg; sourceTree = "<group>"; };
		D09D2A532148CB370097B0EF /* stickers537.jpg */ = {isa = PBXFileReference; lastKnownFileType = image.jpeg; path = stickers537.jpg; sourceTree = "<group>"; };
		D09D2A542148CB370097B0EF /* stickers550.jpg */ = {isa = PBXFileReference; lastKnownFileType = image.jpeg; path = stickers550.jpg; sourceTree = "<group>"; };
		D09D2A552148CB370097B0EF /* stickers544.jpg */ = {isa = PBXFileReference; lastKnownFileType = image.jpeg; path = stickers544.jpg; sourceTree = "<group>"; };
		D09D2A562148CB370097B0EF /* stickers545.jpg */ = {isa = PBXFileReference; lastKnownFileType = image.jpeg; path = stickers545.jpg; sourceTree = "<group>"; };
		D09D2A572148CB370097B0EF /* stickers551.jpg */ = {isa = PBXFileReference; lastKnownFileType = image.jpeg; path = stickers551.jpg; sourceTree = "<group>"; };
		D09D2A582148CB370097B0EF /* stickers547.jpg */ = {isa = PBXFileReference; lastKnownFileType = image.jpeg; path = stickers547.jpg; sourceTree = "<group>"; };
		D09D2A592148CB370097B0EF /* stickers553.jpg */ = {isa = PBXFileReference; lastKnownFileType = image.jpeg; path = stickers553.jpg; sourceTree = "<group>"; };
		D09D2A5A2148CB370097B0EF /* stickers552.jpg */ = {isa = PBXFileReference; lastKnownFileType = image.jpeg; path = stickers552.jpg; sourceTree = "<group>"; };
		D09D2A5B2148CB370097B0EF /* stickers546.jpg */ = {isa = PBXFileReference; lastKnownFileType = image.jpeg; path = stickers546.jpg; sourceTree = "<group>"; };
		D09D2A5C2148CB370097B0EF /* stickers542.jpg */ = {isa = PBXFileReference; lastKnownFileType = image.jpeg; path = stickers542.jpg; sourceTree = "<group>"; };
		D09D2A5D2148CB370097B0EF /* stickers556.jpg */ = {isa = PBXFileReference; lastKnownFileType = image.jpeg; path = stickers556.jpg; sourceTree = "<group>"; };
		D09D2A5E2148CB370097B0EF /* stickers557.jpg */ = {isa = PBXFileReference; lastKnownFileType = image.jpeg; path = stickers557.jpg; sourceTree = "<group>"; };
		D09D2A5F2148CB370097B0EF /* stickers543.jpg */ = {isa = PBXFileReference; lastKnownFileType = image.jpeg; path = stickers543.jpg; sourceTree = "<group>"; };
		D09D2A602148CB370097B0EF /* stickers555.jpg */ = {isa = PBXFileReference; lastKnownFileType = image.jpeg; path = stickers555.jpg; sourceTree = "<group>"; };
		D09D2A612148CB370097B0EF /* stickers541.jpg */ = {isa = PBXFileReference; lastKnownFileType = image.jpeg; path = stickers541.jpg; sourceTree = "<group>"; };
		D09D2A622148CB370097B0EF /* stickers540.jpg */ = {isa = PBXFileReference; lastKnownFileType = image.jpeg; path = stickers540.jpg; sourceTree = "<group>"; };
		D09D2A632148CB370097B0EF /* stickers554.jpg */ = {isa = PBXFileReference; lastKnownFileType = image.jpeg; path = stickers554.jpg; sourceTree = "<group>"; };
		D09D2A652148CB370097B0EF /* UIView+Tools.h */ = {isa = PBXFileReference; fileEncoding = 4; lastKnownFileType = sourcecode.c.h; path = "UIView+Tools.h"; sourceTree = "<group>"; };
		D09D2A6B2148CB370097B0EF /* SDAVAssetExportSession.m */ = {isa = PBXFileReference; fileEncoding = 4; lastKnownFileType = sourcecode.c.objc; path = SDAVAssetExportSession.m; sourceTree = "<group>"; };
		D09D2A6D2148CB370097B0EF /* lookup_soft_elegance_2.png */ = {isa = PBXFileReference; lastKnownFileType = image.png; path = lookup_soft_elegance_2.png; sourceTree = "<group>"; };
		D09D2A6E2148CB370097B0EF /* lookup_soft_elegance_1.png */ = {isa = PBXFileReference; lastKnownFileType = image.png; path = lookup_soft_elegance_1.png; sourceTree = "<group>"; };
		D09D2A6F2148CB370097B0EF /* GPUImageAmatorkaFilter.png */ = {isa = PBXFileReference; lastKnownFileType = image.png; path = GPUImageAmatorkaFilter.png; sourceTree = "<group>"; };
		D09D2A702148CB370097B0EF /* LFGPUImageEmptyFilter.png */ = {isa = PBXFileReference; lastKnownFileType = image.png; path = LFGPUImageEmptyFilter.png; sourceTree = "<group>"; };
		D09D2A712148CB370097B0EF /* GPUImageToonFilter.png */ = {isa = PBXFileReference; lastKnownFileType = image.png; path = GPUImageToonFilter.png; sourceTree = "<group>"; };
		D09D2A722148CB370097B0EF /* GPUImageSepiaFilter.png */ = {isa = PBXFileReference; lastKnownFileType = image.png; path = GPUImageSepiaFilter.png; sourceTree = "<group>"; };
		D09D2A732148CB370097B0EF /* lookup_amatorka.png */ = {isa = PBXFileReference; lastKnownFileType = image.png; path = lookup_amatorka.png; sourceTree = "<group>"; };
		D09D2A742148CB370097B0EF /* GPUImageSketchFilter.png */ = {isa = PBXFileReference; lastKnownFileType = image.png; path = GPUImageSketchFilter.png; sourceTree = "<group>"; };
		D09D2A752148CB370097B0EF /* GPUImageSoftEleganceFilter.png */ = {isa = PBXFileReference; lastKnownFileType = image.png; path = GPUImageSoftEleganceFilter.png; sourceTree = "<group>"; };
		D09D2A762148CB370097B0EF /* LFGPUImageEmptyFilter.jpeg */ = {isa = PBXFileReference; lastKnownFileType = image.jpeg; path = LFGPUImageEmptyFilter.jpeg; sourceTree = "<group>"; };
		D09D2A772148CB370097B0EF /* GPUImageSaturationFilter2.png */ = {isa = PBXFileReference; lastKnownFileType = image.png; path = GPUImageSaturationFilter2.png; sourceTree = "<group>"; };
		D09D2A782148CB370097B0EF /* GPUImageMissEtikateFilter.png */ = {isa = PBXFileReference; lastKnownFileType = image.png; path = GPUImageMissEtikateFilter.png; sourceTree = "<group>"; };
		D09D2A792148CB370097B0EF /* GPUImageSaturationFilter0.png */ = {isa = PBXFileReference; lastKnownFileType = image.png; path = GPUImageSaturationFilter0.png; sourceTree = "<group>"; };
		D09D2A7A2148CB370097B0EF /* lookup_miss_etikate.png */ = {isa = PBXFileReference; lastKnownFileType = image.png; path = lookup_miss_etikate.png; sourceTree = "<group>"; };
		D09D2A7D2148CB370097B0EF /* cammera@2x.png */ = {isa = PBXFileReference; lastKnownFileType = image.png; path = "cammera@2x.png"; sourceTree = "<group>"; };
		D09D2A7E2148CB370097B0EF /* BackToHome@2x.png */ = {isa = PBXFileReference; lastKnownFileType = image.png; path = "BackToHome@2x.png"; sourceTree = "<group>"; };
		D09D2A7F2148CB370097B0EF /* music.png */ = {isa = PBXFileReference; lastKnownFileType = image.png; path = music.png; sourceTree = "<group>"; };
		D09D2A802148CB370097B0EF /* BackToHome@3x.png */ = {isa = PBXFileReference; lastKnownFileType = image.png; path = "BackToHome@3x.png"; sourceTree = "<group>"; };
		D09D2A812148CB370097B0EF /* closeTabView@2x.png */ = {isa = PBXFileReference; lastKnownFileType = image.png; path = "closeTabView@2x.png"; sourceTree = "<group>"; };
		D09D2A822148CB370097B0EF /* cammera@3x.png */ = {isa = PBXFileReference; lastKnownFileType = image.png; path = "cammera@3x.png"; sourceTree = "<group>"; };
		D09D2A832148CB370097B0EF /* record_ico_input_1@3x.png */ = {isa = PBXFileReference; lastKnownFileType = image.png; path = "record_ico_input_1@3x.png"; sourceTree = "<group>"; };
		D09D2A842148CB370097B0EF /* beautyON@3x.png */ = {isa = PBXFileReference; lastKnownFileType = image.png; path = "beautyON@3x.png"; sourceTree = "<group>"; };
		D09D2A852148CB370097B0EF /* BackToVideoCammer@2x.png */ = {isa = PBXFileReference; lastKnownFileType = image.png; path = "BackToVideoCammer@2x.png"; sourceTree = "<group>"; };
		D09D2A862148CB370097B0EF /* nilMusic.png */ = {isa = PBXFileReference; lastKnownFileType = image.png; path = nilMusic.png; sourceTree = "<group>"; };
		D09D2A872148CB370097B0EF /* del@2x.png */ = {isa = PBXFileReference; lastKnownFileType = image.png; path = "del@2x.png"; sourceTree = "<group>"; };
		D09D2A882148CB370097B0EF /* del@3x.png */ = {isa = PBXFileReference; lastKnownFileType = image.png; path = "del@3x.png"; sourceTree = "<group>"; };
		D09D2A892148CB370097B0EF /* BackToVideoCammer@3x.png */ = {isa = PBXFileReference; lastKnownFileType = image.png; path = "BackToVideoCammer@3x.png"; sourceTree = "<group>"; };
		D09D2A8A2148CB370097B0EF /* record_ico_input_1@2x.png */ = {isa = PBXFileReference; lastKnownFileType = image.png; path = "record_ico_input_1@2x.png"; sourceTree = "<group>"; };
		D09D2A8B2148CB370097B0EF /* beautyON@2x.png */ = {isa = PBXFileReference; lastKnownFileType = image.png; path = "beautyON@2x.png"; sourceTree = "<group>"; };
		D09D2A8D2148CB370097B0EF /* 96.png */ = {isa = PBXFileReference; lastKnownFileType = image.png; path = 96.png; sourceTree = "<group>"; };
		D09D2A8E2148CB370097B0EF /* beautyOFF@3x.png */ = {isa = PBXFileReference; lastKnownFileType = image.png; path = "beautyOFF@3x.png"; sourceTree = "<group>"; };
		D09D2A8F2148CB370097B0EF /* complete@3x.png */ = {isa = PBXFileReference; lastKnownFileType = image.png; path = "complete@3x.png"; sourceTree = "<group>"; };
		D09D2A902148CB370097B0EF /* complete@2x.png */ = {isa = PBXFileReference; lastKnownFileType = image.png; path = "complete@2x.png"; sourceTree = "<group>"; };
		D09D2A912148CB370097B0EF /* beautyOFF@2x.png */ = {isa = PBXFileReference; lastKnownFileType = image.png; path = "beautyOFF@2x.png"; sourceTree = "<group>"; };
		D09D2A932148CB370097B0EF /* UIView+Tools.m */ = {isa = PBXFileReference; fileEncoding = 4; lastKnownFileType = sourcecode.c.objc; path = "UIView+Tools.m"; sourceTree = "<group>"; };
		D09D2A952148CB370097B0EF /* SDAVAssetExportSession.h */ = {isa = PBXFileReference; fileEncoding = 4; lastKnownFileType = sourcecode.c.h; path = SDAVAssetExportSession.h; sourceTree = "<group>"; };
		D09D2AEF2148CB370097B0EF /* LFGPUImageEmptyFilter.h */ = {isa = PBXFileReference; fileEncoding = 4; lastKnownFileType = sourcecode.c.h; path = LFGPUImageEmptyFilter.h; sourceTree = "<group>"; };
		D09D2AF02148CB370097B0EF /* GPUImageBeautifyFilter.m */ = {isa = PBXFileReference; fileEncoding = 4; lastKnownFileType = sourcecode.c.objc; path = GPUImageBeautifyFilter.m; sourceTree = "<group>"; };
		D09D2AF12148CB370097B0EF /* LFGPUImageEmptyFilter.m */ = {isa = PBXFileReference; fileEncoding = 4; lastKnownFileType = sourcecode.c.objc; path = LFGPUImageEmptyFilter.m; sourceTree = "<group>"; };
		D09D2AF22148CB370097B0EF /* GPUImageBeautifyFilter.h */ = {isa = PBXFileReference; fileEncoding = 4; lastKnownFileType = sourcecode.c.h; path = GPUImageBeautifyFilter.h; sourceTree = "<group>"; };
		D09D2C782148E5540097B0EF /* icon_weixin@3x.png */ = {isa = PBXFileReference; lastKnownFileType = image.png; path = "icon_weixin@3x.png"; sourceTree = "<group>"; };
		D09D2C792148E5540097B0EF /* GiftCheckmarkIcon@2x.png */ = {isa = PBXFileReference; lastKnownFileType = image.png; path = "GiftCheckmarkIcon@2x.png"; sourceTree = "<group>"; };
		D09D2C7A2148E5550097B0EF /* icon_weixin_pyq@3x.png */ = {isa = PBXFileReference; lastKnownFileType = image.png; path = "icon_weixin_pyq@3x.png"; sourceTree = "<group>"; };
		D09D2C7C2148E5550097B0EF /* icon_weixin_selected@2x.png */ = {isa = PBXFileReference; lastKnownFileType = image.png; path = "icon_weixin_selected@2x.png"; sourceTree = "<group>"; };
		D09D2C7D2148E5550097B0EF /* icon_weixin_pyq_selected@3x.png */ = {isa = PBXFileReference; lastKnownFileType = image.png; path = "icon_weixin_pyq_selected@3x.png"; sourceTree = "<group>"; };
		D09D2C7E2148E5550097B0EF /* icon_weixin@2x.png */ = {isa = PBXFileReference; lastKnownFileType = image.png; path = "icon_weixin@2x.png"; sourceTree = "<group>"; };
		D09D2C7F2148E5550097B0EF /* icon_weixin_selected@3x.png */ = {isa = PBXFileReference; lastKnownFileType = image.png; path = "icon_weixin_selected@3x.png"; sourceTree = "<group>"; };
		D09D2C802148E5550097B0EF /* icon_weixin_pyq@2x.png */ = {isa = PBXFileReference; lastKnownFileType = image.png; path = "icon_weixin_pyq@2x.png"; sourceTree = "<group>"; };
		D09D2C8A2148E5ED0097B0EF /* icon_weixin_pyq_selected@2x.png */ = {isa = PBXFileReference; lastKnownFileType = image.png; path = "icon_weixin_pyq_selected@2x.png"; sourceTree = "<group>"; };
		D201FD70214D4A1B00FC5A5E /* AlpVideoCameraDefine.h */ = {isa = PBXFileReference; lastKnownFileType = sourcecode.c.h; path = AlpVideoCameraDefine.h; sourceTree = "<group>"; };
		D213E8A021496251002B8E63 /* AlpVideoCameraViewController.h */ = {isa = PBXFileReference; lastKnownFileType = sourcecode.c.h; path = AlpVideoCameraViewController.h; sourceTree = "<group>"; };
		D213E8A121496251002B8E63 /* AlpVideoCameraViewController.m */ = {isa = PBXFileReference; lastKnownFileType = sourcecode.c.objc; path = AlpVideoCameraViewController.m; sourceTree = "<group>"; };
		D213E8A321496B7E002B8E63 /* ALPVideoCameraView.h */ = {isa = PBXFileReference; lastKnownFileType = sourcecode.c.h; path = ALPVideoCameraView.h; sourceTree = "<group>"; };
		D213E8A421496B7E002B8E63 /* ALPVideoCameraView.m */ = {isa = PBXFileReference; lastKnownFileType = sourcecode.c.objc; path = ALPVideoCameraView.m; sourceTree = "<group>"; };
		D26A90D0214DF6B900C118CA /* icon_watermark.png */ = {isa = PBXFileReference; lastKnownFileType = image.png; path = icon_watermark.png; sourceTree = "<group>"; };
		D26A90D2214DF8CF00C118CA /* Fullscreen@3x.png */ = {isa = PBXFileReference; lastKnownFileType = image.png; path = "Fullscreen@3x.png"; sourceTree = "<group>"; };
		D26A90D3214DF8CF00C118CA /* Fullscreen@2x.png */ = {isa = PBXFileReference; lastKnownFileType = image.png; path = "Fullscreen@2x.png"; sourceTree = "<group>"; };
		D26A90D6214DFD9A00C118CA /* UIImage+AlpExtensions.h */ = {isa = PBXFileReference; lastKnownFileType = sourcecode.c.h; path = "UIImage+AlpExtensions.h"; sourceTree = "<group>"; };
		D26A90D7214DFD9A00C118CA /* UIImage+AlpExtensions.m */ = {isa = PBXFileReference; lastKnownFileType = sourcecode.c.objc; path = "UIImage+AlpExtensions.m"; sourceTree = "<group>"; };
		D26A90D9214E036700C118CA /* iconBeautyOff2_40x40_@3x.png */ = {isa = PBXFileReference; lastKnownFileType = image.png; path = "iconBeautyOff2_40x40_@3x.png"; sourceTree = "<group>"; };
		D26A90DA214E036700C118CA /* iconBeautyOn2_40x40_@2x.png */ = {isa = PBXFileReference; lastKnownFileType = image.png; path = "iconBeautyOn2_40x40_@2x.png"; sourceTree = "<group>"; };
		D26A90DB214E036800C118CA /* iconBeauty_27x27_@3x.png */ = {isa = PBXFileReference; lastKnownFileType = image.png; path = "iconBeauty_27x27_@3x.png"; sourceTree = "<group>"; };
		D26A90DC214E036800C118CA /* iconBeautyOn2_40x40_@3x.png */ = {isa = PBXFileReference; lastKnownFileType = image.png; path = "iconBeautyOn2_40x40_@3x.png"; sourceTree = "<group>"; };
		D26A90DD214E036800C118CA /* iconBeauty_27x27_@2x.png */ = {isa = PBXFileReference; lastKnownFileType = image.png; path = "iconBeauty_27x27_@2x.png"; sourceTree = "<group>"; };
		D26A90DE214E036800C118CA /* iconBeautyOff2_40x40_@2x.png */ = {isa = PBXFileReference; lastKnownFileType = image.png; path = "iconBeautyOff2_40x40_@2x.png"; sourceTree = "<group>"; };
		D26A90E5214E05E400C118CA /* UIViewController+AlpExtensions.h */ = {isa = PBXFileReference; lastKnownFileType = sourcecode.c.h; path = "UIViewController+AlpExtensions.h"; sourceTree = "<group>"; };
		D26A90E6214E05E400C118CA /* UIViewController+AlpExtensions.m */ = {isa = PBXFileReference; lastKnownFileType = sourcecode.c.objc; path = "UIViewController+AlpExtensions.m"; sourceTree = "<group>"; };
		D26A90E8214E0A1700C118CA /* AlpVideoCameraUtils.h */ = {isa = PBXFileReference; lastKnownFileType = sourcecode.c.h; path = AlpVideoCameraUtils.h; sourceTree = "<group>"; };
		D26A90E9214E0A1700C118CA /* AlpVideoCameraUtils.m */ = {isa = PBXFileReference; lastKnownFileType = sourcecode.c.objc; path = AlpVideoCameraUtils.m; sourceTree = "<group>"; };
		D26A954E214E969600C118CA /* 6401.jpeg */ = {isa = PBXFileReference; lastKnownFileType = image.jpeg; path = 6401.jpeg; sourceTree = "<group>"; };
		D26A954F214E969600C118CA /* 6513.jpeg */ = {isa = PBXFileReference; lastKnownFileType = image.jpeg; path = 6513.jpeg; sourceTree = "<group>"; };
		D26A9550214E969600C118CA /* 6533.jpeg */ = {isa = PBXFileReference; lastKnownFileType = image.jpeg; path = 6533.jpeg; sourceTree = "<group>"; };
		D26A9551214E969600C118CA /* 6476.jpeg */ = {isa = PBXFileReference; lastKnownFileType = image.jpeg; path = 6476.jpeg; sourceTree = "<group>"; };
		D26A9552214E969600C118CA /* musics.json */ = {isa = PBXFileReference; fileEncoding = 4; lastKnownFileType = text.json; path = musics.json; sourceTree = "<group>"; };
		D26A9553214E969600C118CA /* 6540.mp3 */ = {isa = PBXFileReference; lastKnownFileType = audio.mp3; path = 6540.mp3; sourceTree = "<group>"; };
		D26A9554214E969600C118CA /* 6427.mp3 */ = {isa = PBXFileReference; lastKnownFileType = audio.mp3; path = 6427.mp3; sourceTree = "<group>"; };
		D26A9555214E969600C118CA /* 6302.jpeg */ = {isa = PBXFileReference; lastKnownFileType = image.jpeg; path = 6302.jpeg; sourceTree = "<group>"; };
		D26A9556214E969600C118CA /* 6535.mp3 */ = {isa = PBXFileReference; lastKnownFileType = audio.mp3; path = 6535.mp3; sourceTree = "<group>"; };
		D26A9557214E969600C118CA /* 12161.jpeg */ = {isa = PBXFileReference; lastKnownFileType = image.jpeg; path = 12161.jpeg; sourceTree = "<group>"; };
		D26A9558214E969600C118CA /* 6427.jpeg */ = {isa = PBXFileReference; lastKnownFileType = image.jpeg; path = 6427.jpeg; sourceTree = "<group>"; };
		D26A9559214E969600C118CA /* 6535.jpeg */ = {isa = PBXFileReference; lastKnownFileType = image.jpeg; path = 6535.jpeg; sourceTree = "<group>"; };
		D26A955A214E969600C118CA /* 6455.mp3 */ = {isa = PBXFileReference; lastKnownFileType = audio.mp3; path = 6455.mp3; sourceTree = "<group>"; };
		D26A955B214E969600C118CA /* 6534.mp3 */ = {isa = PBXFileReference; lastKnownFileType = audio.mp3; path = 6534.mp3; sourceTree = "<group>"; };
		D26A955C214E969600C118CA /* 6536.mp3 */ = {isa = PBXFileReference; lastKnownFileType = audio.mp3; path = 6536.mp3; sourceTree = "<group>"; };
		D26A955D214E969600C118CA /* 6533.mp3 */ = {isa = PBXFileReference; lastKnownFileType = audio.mp3; path = 6533.mp3; sourceTree = "<group>"; };
		D26A955E214E969600C118CA /* 12161.mp3 */ = {isa = PBXFileReference; lastKnownFileType = audio.mp3; path = 12161.mp3; sourceTree = "<group>"; };
		D26A955F214E969600C118CA /* 6534.jpeg */ = {isa = PBXFileReference; lastKnownFileType = image.jpeg; path = 6534.jpeg; sourceTree = "<group>"; };
		D26A9560214E969600C118CA /* 6475.mp3 */ = {isa = PBXFileReference; lastKnownFileType = audio.mp3; path = 6475.mp3; sourceTree = "<group>"; };
		D26A9561214E969600C118CA /* 6472.jpeg */ = {isa = PBXFileReference; lastKnownFileType = image.jpeg; path = 6472.jpeg; sourceTree = "<group>"; };
		D26A9562214E969600C118CA /* 12186.mp3 */ = {isa = PBXFileReference; lastKnownFileType = audio.mp3; path = 12186.mp3; sourceTree = "<group>"; };
		D26A9563214E969600C118CA /* 6540.jpeg */ = {isa = PBXFileReference; lastKnownFileType = image.jpeg; path = 6540.jpeg; sourceTree = "<group>"; };
		D26A9564214E969600C118CA /* 6476.mp3 */ = {isa = PBXFileReference; lastKnownFileType = audio.mp3; path = 6476.mp3; sourceTree = "<group>"; };
		D26A9565214E969600C118CA /* 6429.jpeg */ = {isa = PBXFileReference; lastKnownFileType = image.jpeg; path = 6429.jpeg; sourceTree = "<group>"; };
		D26A9566214E969600C118CA /* 6472.mp3 */ = {isa = PBXFileReference; lastKnownFileType = audio.mp3; path = 6472.mp3; sourceTree = "<group>"; };
		D26A9567214E969600C118CA /* 6404.jpeg */ = {isa = PBXFileReference; lastKnownFileType = image.jpeg; path = 6404.jpeg; sourceTree = "<group>"; };
		D26A9568214E969600C118CA /* 6473.mp3 */ = {isa = PBXFileReference; lastKnownFileType = audio.mp3; path = 6473.mp3; sourceTree = "<group>"; };
		D26A9569214E969600C118CA /* 6513.mp3 */ = {isa = PBXFileReference; lastKnownFileType = audio.mp3; path = 6513.mp3; sourceTree = "<group>"; };
		D26A956A214E969600C118CA /* 6473.jpeg */ = {isa = PBXFileReference; lastKnownFileType = image.jpeg; path = 6473.jpeg; sourceTree = "<group>"; };
		D26A956B214E969600C118CA /* 6536.jpeg */ = {isa = PBXFileReference; lastKnownFileType = image.jpeg; path = 6536.jpeg; sourceTree = "<group>"; };
		D26A956C214E969600C118CA /* 6302.mp3 */ = {isa = PBXFileReference; lastKnownFileType = audio.mp3; path = 6302.mp3; sourceTree = "<group>"; };
		D26A956D214E969600C118CA /* 5192.mp3 */ = {isa = PBXFileReference; lastKnownFileType = audio.mp3; path = 5192.mp3; sourceTree = "<group>"; };
		D26A956E214E969600C118CA /* 6402.mp3 */ = {isa = PBXFileReference; lastKnownFileType = audio.mp3; path = 6402.mp3; sourceTree = "<group>"; };
		D26A956F214E969600C118CA /* 5192.jpeg */ = {isa = PBXFileReference; lastKnownFileType = image.jpeg; path = 5192.jpeg; sourceTree = "<group>"; };
		D26A9570214E969600C118CA /* 12186.jpeg */ = {isa = PBXFileReference; lastKnownFileType = image.jpeg; path = 12186.jpeg; sourceTree = "<group>"; };
		D26A9571214E969600C118CA /* 6401.mp3 */ = {isa = PBXFileReference; lastKnownFileType = audio.mp3; path = 6401.mp3; sourceTree = "<group>"; };
		D26A9572214E969600C118CA /* 6429.mp3 */ = {isa = PBXFileReference; lastKnownFileType = audio.mp3; path = 6429.mp3; sourceTree = "<group>"; };
		D26A9573214E969600C118CA /* 6475.jpeg */ = {isa = PBXFileReference; lastKnownFileType = image.jpeg; path = 6475.jpeg; sourceTree = "<group>"; };
		D26A9574214E969600C118CA /* 6404.mp3 */ = {isa = PBXFileReference; lastKnownFileType = audio.mp3; path = 6404.mp3; sourceTree = "<group>"; };
		D26A9575214E969600C118CA /* 6402.jpeg */ = {isa = PBXFileReference; lastKnownFileType = image.jpeg; path = 6402.jpeg; sourceTree = "<group>"; };
		D26A9576214E969600C118CA /* 6455.jpeg */ = {isa = PBXFileReference; lastKnownFileType = image.jpeg; path = 6455.jpeg; sourceTree = "<group>"; };
		D4FB502AC860C9DA42E825F5 /* Pods-AlpVideoCamera.debug.xcconfig */ = {isa = PBXFileReference; includeInIndex = 1; lastKnownFileType = text.xcconfig; name = "Pods-AlpVideoCamera.debug.xcconfig"; path = "Pods/Target Support Files/Pods-AlpVideoCamera/Pods-AlpVideoCamera.debug.xcconfig"; sourceTree = "<group>"; };
/* End PBXFileReference section */

/* Begin PBXFrameworksBuildPhase section */
		D09D27C32148BB650097B0EF /* Frameworks */ = {
			isa = PBXFrameworksBuildPhase;
			buildActionMask = 2147483647;
			files = (
				FEBFDF1ED94F17084C32D2E9 /* libPods-AlpVideoCamera.a in Frameworks */,
			);
			runOnlyForDeploymentPostprocessing = 0;
		};
/* End PBXFrameworksBuildPhase section */

/* Begin PBXGroup section */
		0BA3DC869CD3C871A2D1174E /* Frameworks */ = {
			isa = PBXGroup;
			children = (
				CADB371C0B6A5A9FB848C148 /* libPods-AlpVideoCamera.a */,
			);
			name = Frameworks;
			sourceTree = "<group>";
		};
		51F6EB87C3CB91F3A28F9486 /* Pods */ = {
			isa = PBXGroup;
			children = (
				D4FB502AC860C9DA42E825F5 /* Pods-AlpVideoCamera.debug.xcconfig */,
				1B254D780EB7B31891BCF4E2 /* Pods-AlpVideoCamera.release.xcconfig */,
			);
			name = Pods;
			sourceTree = "<group>";
		};
		D09D27BD2148BB650097B0EF = {
			isa = PBXGroup;
			children = (
				D09D27C82148BB650097B0EF /* AlpVideoCamera */,
				D09D27C72148BB650097B0EF /* Products */,
				51F6EB87C3CB91F3A28F9486 /* Pods */,
				0BA3DC869CD3C871A2D1174E /* Frameworks */,
			);
			sourceTree = "<group>";
		};
		D09D27C72148BB650097B0EF /* Products */ = {
			isa = PBXGroup;
			children = (
				D09D27C62148BB650097B0EF /* AlpVideoCamera.app */,
			);
			name = Products;
			sourceTree = "<group>";
		};
		D09D27C82148BB650097B0EF /* AlpVideoCamera */ = {
			isa = PBXGroup;
			children = (
				D09D29E82148BF8B0097B0EF /* AlpVideoCamera */,
				D09D27C92148BB650097B0EF /* AppDelegate.h */,
				D09D27CA2148BB650097B0EF /* AppDelegate.m */,
				D09D27CC2148BB650097B0EF /* ViewController.h */,
				D09D27CD2148BB650097B0EF /* ViewController.m */,
				D09D27D22148BB670097B0EF /* Assets.xcassets */,
				D09D27D42148BB670097B0EF /* LaunchScreen.storyboard */,
				D09D27D72148BB670097B0EF /* Info.plist */,
				D09D27D82148BB670097B0EF /* main.m */,
			);
			path = AlpVideoCamera;
			sourceTree = "<group>";
		};
		D09D29E82148BF8B0097B0EF /* AlpVideoCamera */ = {
			isa = PBXGroup;
			children = (
				D09D29FC2148CB370097B0EF /* CustomVideoCamera */,
				D09D2AEE2148CB370097B0EF /* Filters */,
			);
			path = AlpVideoCamera;
			sourceTree = "<group>";
		};
		D09D29FC2148CB370097B0EF /* CustomVideoCamera */ = {
			isa = PBXGroup;
			children = (
				D213E8A021496251002B8E63 /* AlpVideoCameraViewController.h */,
				D213E8A121496251002B8E63 /* AlpVideoCameraViewController.m */,
				D213E8A321496B7E002B8E63 /* ALPVideoCameraView.h */,
				D213E8A421496B7E002B8E63 /* ALPVideoCameraView.m */,
				D07D1AC9214A5AFF00162D30 /* AlpMusicItemCollectionViewCell.h */,
				D07D1ACA214A5AFF00162D30 /* AlpMusicItemCollectionViewCell.m */,
				D09D2A652148CB370097B0EF /* UIView+Tools.h */,
				D09D2A932148CB370097B0EF /* UIView+Tools.m */,
				D07D1AC6214A59AA00162D30 /* AlpEditVideoViewController.h */,
				D07D1AC7214A59AA00162D30 /* AlpEditVideoViewController.m */,
				D09D2A6B2148CB370097B0EF /* SDAVAssetExportSession.m */,
				D09D2A952148CB370097B0EF /* SDAVAssetExportSession.h */,
				D07D1AC3214A586A00162D30 /* AlpEditingPublishingViewController.h */,
				D07D1AC4214A586A00162D30 /* AlpEditingPublishingViewController.m */,
				D201FD70214D4A1B00FC5A5E /* AlpVideoCameraDefine.h */,
				D26A90D6214DFD9A00C118CA /* UIImage+AlpExtensions.h */,
				D26A90D7214DFD9A00C118CA /* UIImage+AlpExtensions.m */,
				D26A90E5214E05E400C118CA /* UIViewController+AlpExtensions.h */,
				D26A90E6214E05E400C118CA /* UIViewController+AlpExtensions.m */,
				D26A90E8214E0A1700C118CA /* AlpVideoCameraUtils.h */,
				D26A90E9214E0A1700C118CA /* AlpVideoCameraUtils.m */,
				D26A954D214E969600C118CA /* music */,
				D09D2A3E2148CB370097B0EF /* stickers */,
				D09D2A6C2148CB370097B0EF /* filterImage */,
				D09D2A7B2148CB370097B0EF /* cammerImg */,
			);
			path = CustomVideoCamera;
			sourceTree = "<group>";
		};
		D09D2A3E2148CB370097B0EF /* stickers */ = {
			isa = PBXGroup;
			children = (
				D09D2A3F2148CB370097B0EF /* stickers559.jpg */,
				D09D2A402148CB370097B0EF /* stickers564.jpg */,
				D09D2A412148CB370097B0EF /* stickers558.jpg */,
				D09D2A422148CB370097B0EF /* stickers563.jpg */,
				D09D2A432148CB370097B0EF /* stickers562.jpg */,
				D09D2A442148CB370097B0EF /* stickers560.jpg */,
				D09D2A452148CB370097B0EF /* stickers548.jpg */,
				D09D2A462148CB370097B0EF /* stickers549.jpg */,
				D09D2A472148CB370097B0EF /* stickers561.jpg */,
				D09D2A482148CB370097B0EF /* stickers539.jpg */,
				D09D2A492148CB370097B0EF /* stickers538.jpg */,
				D09D2A4A2148CB370097B0EF /* stickers.json */,
				D09D2A4B2148CB370097B0EF /* stickers529.jpg */,
				D09D2A4C2148CB370097B0EF /* stickers533.jpg */,
				D09D2A4D2148CB370097B0EF /* stickers532.jpg */,
				D09D2A4E2148CB370097B0EF /* stickers530.jpg */,
				D09D2A4F2148CB370097B0EF /* stickers531.jpg */,
				D09D2A502148CB370097B0EF /* stickers535.jpg */,
				D09D2A512148CB370097B0EF /* stickers534.jpg */,
				D09D2A522148CB370097B0EF /* stickers536.jpg */,
				D09D2A532148CB370097B0EF /* stickers537.jpg */,
				D09D2A542148CB370097B0EF /* stickers550.jpg */,
				D09D2A552148CB370097B0EF /* stickers544.jpg */,
				D09D2A562148CB370097B0EF /* stickers545.jpg */,
				D09D2A572148CB370097B0EF /* stickers551.jpg */,
				D09D2A582148CB370097B0EF /* stickers547.jpg */,
				D09D2A592148CB370097B0EF /* stickers553.jpg */,
				D09D2A5A2148CB370097B0EF /* stickers552.jpg */,
				D09D2A5B2148CB370097B0EF /* stickers546.jpg */,
				D09D2A5C2148CB370097B0EF /* stickers542.jpg */,
				D09D2A5D2148CB370097B0EF /* stickers556.jpg */,
				D09D2A5E2148CB370097B0EF /* stickers557.jpg */,
				D09D2A5F2148CB370097B0EF /* stickers543.jpg */,
				D09D2A602148CB370097B0EF /* stickers555.jpg */,
				D09D2A612148CB370097B0EF /* stickers541.jpg */,
				D09D2A622148CB370097B0EF /* stickers540.jpg */,
				D09D2A632148CB370097B0EF /* stickers554.jpg */,
			);
			path = stickers;
			sourceTree = "<group>";
		};
		D09D2A6C2148CB370097B0EF /* filterImage */ = {
			isa = PBXGroup;
			children = (
				D09D2A6D2148CB370097B0EF /* lookup_soft_elegance_2.png */,
				D09D2A6E2148CB370097B0EF /* lookup_soft_elegance_1.png */,
				D09D2A6F2148CB370097B0EF /* GPUImageAmatorkaFilter.png */,
				D09D2A702148CB370097B0EF /* LFGPUImageEmptyFilter.png */,
				D09D2A712148CB370097B0EF /* GPUImageToonFilter.png */,
				D09D2A722148CB370097B0EF /* GPUImageSepiaFilter.png */,
				D09D2A732148CB370097B0EF /* lookup_amatorka.png */,
				D09D2A742148CB370097B0EF /* GPUImageSketchFilter.png */,
				D09D2A752148CB370097B0EF /* GPUImageSoftEleganceFilter.png */,
				D09D2A762148CB370097B0EF /* LFGPUImageEmptyFilter.jpeg */,
				D09D2A772148CB370097B0EF /* GPUImageSaturationFilter2.png */,
				D09D2A782148CB370097B0EF /* GPUImageMissEtikateFilter.png */,
				D09D2A792148CB370097B0EF /* GPUImageSaturationFilter0.png */,
				D09D2A7A2148CB370097B0EF /* lookup_miss_etikate.png */,
			);
			path = filterImage;
			sourceTree = "<group>";
		};
		D09D2A7B2148CB370097B0EF /* cammerImg */ = {
			isa = PBXGroup;
			children = (
				D26A90DD214E036800C118CA /* iconBeauty_27x27_@2x.png */,
				D26A90DB214E036800C118CA /* iconBeauty_27x27_@3x.png */,
				D26A90DE214E036800C118CA /* iconBeautyOff2_40x40_@2x.png */,
				D26A90D9214E036700C118CA /* iconBeautyOff2_40x40_@3x.png */,
				D26A90DA214E036700C118CA /* iconBeautyOn2_40x40_@2x.png */,
				D26A90DC214E036800C118CA /* iconBeautyOn2_40x40_@3x.png */,
				D26A90D3214DF8CF00C118CA /* Fullscreen@2x.png */,
				D26A90D2214DF8CF00C118CA /* Fullscreen@3x.png */,
				D09D2C8A2148E5ED0097B0EF /* icon_weixin_pyq_selected@2x.png */,
				D09D2C792148E5540097B0EF /* GiftCheckmarkIcon@2x.png */,
				D09D2C7D2148E5550097B0EF /* icon_weixin_pyq_selected@3x.png */,
				D09D2C802148E5550097B0EF /* icon_weixin_pyq@2x.png */,
				D09D2C7A2148E5550097B0EF /* icon_weixin_pyq@3x.png */,
				D09D2C7C2148E5550097B0EF /* icon_weixin_selected@2x.png */,
				D09D2C7F2148E5550097B0EF /* icon_weixin_selected@3x.png */,
				D09D2C7E2148E5550097B0EF /* icon_weixin@2x.png */,
				D09D2C782148E5540097B0EF /* icon_weixin@3x.png */,
				D09D2A7D2148CB370097B0EF /* cammera@2x.png */,
				D09D2A7E2148CB370097B0EF /* BackToHome@2x.png */,
				D09D2A7F2148CB370097B0EF /* music.png */,
				D09D2A802148CB370097B0EF /* BackToHome@3x.png */,
				D09D2A812148CB370097B0EF /* closeTabView@2x.png */,
				D09D2A822148CB370097B0EF /* cammera@3x.png */,
				D09D2A832148CB370097B0EF /* record_ico_input_1@3x.png */,
				D09D2A842148CB370097B0EF /* beautyON@3x.png */,
				D09D2A852148CB370097B0EF /* BackToVideoCammer@2x.png */,
				D09D2A862148CB370097B0EF /* nilMusic.png */,
				D09D2A872148CB370097B0EF /* del@2x.png */,
				D09D2A882148CB370097B0EF /* del@3x.png */,
				D09D2A892148CB370097B0EF /* BackToVideoCammer@3x.png */,
				D09D2A8A2148CB370097B0EF /* record_ico_input_1@2x.png */,
				D09D2A8B2148CB370097B0EF /* beautyON@2x.png */,
				D09D2A8D2148CB370097B0EF /* 96.png */,
				D26A90D0214DF6B900C118CA /* icon_watermark.png */,
				D09D2A8E2148CB370097B0EF /* beautyOFF@3x.png */,
				D09D2A8F2148CB370097B0EF /* complete@3x.png */,
				D09D2A902148CB370097B0EF /* complete@2x.png */,
				D09D2A912148CB370097B0EF /* beautyOFF@2x.png */,
			);
			path = cammerImg;
			sourceTree = "<group>";
		};
		D09D2AEE2148CB370097B0EF /* Filters */ = {
			isa = PBXGroup;
			children = (
				D09D2AEF2148CB370097B0EF /* LFGPUImageEmptyFilter.h */,
				D09D2AF12148CB370097B0EF /* LFGPUImageEmptyFilter.m */,
				D09D2AF02148CB370097B0EF /* GPUImageBeautifyFilter.m */,
				D09D2AF22148CB370097B0EF /* GPUImageBeautifyFilter.h */,
			);
			path = Filters;
			sourceTree = "<group>";
		};
		D26A954D214E969600C118CA /* music */ = {
			isa = PBXGroup;
			children = (
				D26A954E214E969600C118CA /* 6401.jpeg */,
				D26A954F214E969600C118CA /* 6513.jpeg */,
				D26A9550214E969600C118CA /* 6533.jpeg */,
				D26A9551214E969600C118CA /* 6476.jpeg */,
				D26A9552214E969600C118CA /* musics.json */,
				D26A9553214E969600C118CA /* 6540.mp3 */,
				D26A9554214E969600C118CA /* 6427.mp3 */,
				D26A9555214E969600C118CA /* 6302.jpeg */,
				D26A9556214E969600C118CA /* 6535.mp3 */,
				D26A9557214E969600C118CA /* 12161.jpeg */,
				D26A9558214E969600C118CA /* 6427.jpeg */,
				D26A9559214E969600C118CA /* 6535.jpeg */,
				D26A955A214E969600C118CA /* 6455.mp3 */,
				D26A955B214E969600C118CA /* 6534.mp3 */,
				D26A955C214E969600C118CA /* 6536.mp3 */,
				D26A955D214E969600C118CA /* 6533.mp3 */,
				D26A955E214E969600C118CA /* 12161.mp3 */,
				D26A955F214E969600C118CA /* 6534.jpeg */,
				D26A9560214E969600C118CA /* 6475.mp3 */,
				D26A9561214E969600C118CA /* 6472.jpeg */,
				D26A9562214E969600C118CA /* 12186.mp3 */,
				D26A9563214E969600C118CA /* 6540.jpeg */,
				D26A9564214E969600C118CA /* 6476.mp3 */,
				D26A9565214E969600C118CA /* 6429.jpeg */,
				D26A9566214E969600C118CA /* 6472.mp3 */,
				D26A9567214E969600C118CA /* 6404.jpeg */,
				D26A9568214E969600C118CA /* 6473.mp3 */,
				D26A9569214E969600C118CA /* 6513.mp3 */,
				D26A956A214E969600C118CA /* 6473.jpeg */,
				D26A956B214E969600C118CA /* 6536.jpeg */,
				D26A956C214E969600C118CA /* 6302.mp3 */,
				D26A956D214E969600C118CA /* 5192.mp3 */,
				D26A956E214E969600C118CA /* 6402.mp3 */,
				D26A956F214E969600C118CA /* 5192.jpeg */,
				D26A9570214E969600C118CA /* 12186.jpeg */,
				D26A9571214E969600C118CA /* 6401.mp3 */,
				D26A9572214E969600C118CA /* 6429.mp3 */,
				D26A9573214E969600C118CA /* 6475.jpeg */,
				D26A9574214E969600C118CA /* 6404.mp3 */,
				D26A9575214E969600C118CA /* 6402.jpeg */,
				D26A9576214E969600C118CA /* 6455.jpeg */,
			);
			path = music;
			sourceTree = "<group>";
		};
/* End PBXGroup section */

/* Begin PBXNativeTarget section */
		D09D27C52148BB650097B0EF /* AlpVideoCamera */ = {
			isa = PBXNativeTarget;
			buildConfigurationList = D09D27DC2148BB670097B0EF /* Build configuration list for PBXNativeTarget "AlpVideoCamera" */;
			buildPhases = (
				36E45EE12AB6B91ECFB47F89 /* [CP] Check Pods Manifest.lock */,
				D09D27C22148BB650097B0EF /* Sources */,
				D09D27C32148BB650097B0EF /* Frameworks */,
				D09D27C42148BB650097B0EF /* Resources */,
				11999C1F56E557BEFAA1A12B /* [CP] Copy Pods Resources */,
			);
			buildRules = (
			);
			dependencies = (
			);
			name = AlpVideoCamera;
			productName = AlpVideoCamera;
			productReference = D09D27C62148BB650097B0EF /* AlpVideoCamera.app */;
			productType = "com.apple.product-type.application";
		};
/* End PBXNativeTarget section */

/* Begin PBXProject section */
		D09D27BE2148BB650097B0EF /* Project object */ = {
			isa = PBXProject;
			attributes = {
				LastUpgradeCheck = 1000;
				ORGANIZATIONNAME = xiaoyuan;
				TargetAttributes = {
					D09D27C52148BB650097B0EF = {
						CreatedOnToolsVersion = 10.0;
					};
				};
			};
			buildConfigurationList = D09D27C12148BB650097B0EF /* Build configuration list for PBXProject "AlpVideoCamera" */;
			compatibilityVersion = "Xcode 9.3";
			developmentRegion = en;
			hasScannedForEncodings = 0;
			knownRegions = (
				en,
				Base,
			);
			mainGroup = D09D27BD2148BB650097B0EF;
			productRefGroup = D09D27C72148BB650097B0EF /* Products */;
			projectDirPath = "";
			projectRoot = "";
			targets = (
				D09D27C52148BB650097B0EF /* AlpVideoCamera */,
			);
		};
/* End PBXProject section */

/* Begin PBXResourcesBuildPhase section */
		D09D27C42148BB650097B0EF /* Resources */ = {
			isa = PBXResourcesBuildPhase;
			buildActionMask = 2147483647;
			files = (
				D09D2B552148CB380097B0EF /* GPUImageSketchFilter.png in Resources */,
				D26A9586214E969700C118CA /* 6533.mp3 in Resources */,
				D26A959D214E969700C118CA /* 6404.mp3 in Resources */,
				D26A9599214E969700C118CA /* 12186.jpeg in Resources */,
				D09D27D62148BB670097B0EF /* LaunchScreen.storyboard in Resources */,
				D09D2B502148CB380097B0EF /* GPUImageAmatorkaFilter.png in Resources */,
				D26A90E1214E036800C118CA /* iconBeauty_27x27_@3x.png in Resources */,
				D26A9579214E969700C118CA /* 6533.jpeg in Resources */,
				D09D2B382148CB380097B0EF /* stickers534.jpg in Resources */,
				D09D2B5B2148CB380097B0EF /* lookup_miss_etikate.png in Resources */,
				D09D2B412148CB380097B0EF /* stickers552.jpg in Resources */,
				D26A958B214E969700C118CA /* 12186.mp3 in Resources */,
				D26A90E0214E036800C118CA /* iconBeautyOn2_40x40_@2x.png in Resources */,
				D09D2B3E2148CB380097B0EF /* stickers551.jpg in Resources */,
				D26A9596214E969700C118CA /* 5192.mp3 in Resources */,
				D26A9583214E969700C118CA /* 6455.mp3 in Resources */,
				D26A9589214E969700C118CA /* 6475.mp3 in Resources */,
				D09D2B2D2148CB380097B0EF /* stickers549.jpg in Resources */,
				D26A958D214E969700C118CA /* 6476.mp3 in Resources */,
				D09D2B702148CB380097B0EF /* complete@2x.png in Resources */,
				D09D2B5D2148CB380097B0EF /* cammera@2x.png in Resources */,
				D09D2C812148E5550097B0EF /* icon_weixin@3x.png in Resources */,
				D26A90D4214DF8CF00C118CA /* Fullscreen@3x.png in Resources */,
				D09D2B682148CB380097B0EF /* del@3x.png in Resources */,
				D26A90E4214E036800C118CA /* iconBeautyOff2_40x40_@2x.png in Resources */,
				D09D2C872148E5550097B0EF /* icon_weixin@2x.png in Resources */,
				D09D2B6B2148CB380097B0EF /* beautyON@2x.png in Resources */,
				D26A958C214E969700C118CA /* 6540.jpeg in Resources */,
				D26A959B214E969700C118CA /* 6429.mp3 in Resources */,
				D26A958F214E969700C118CA /* 6472.mp3 in Resources */,
				D09D2B442148CB380097B0EF /* stickers556.jpg in Resources */,
				D26A9594214E969700C118CA /* 6536.jpeg in Resources */,
				D09D2B6F2148CB380097B0EF /* complete@3x.png in Resources */,
				D09D2C832148E5550097B0EF /* icon_weixin_pyq@3x.png in Resources */,
				D09D2B6D2148CB380097B0EF /* 96.png in Resources */,
				D26A957E214E969700C118CA /* 6302.jpeg in Resources */,
				D26A959E214E969700C118CA /* 6402.jpeg in Resources */,
				D09D2B272148CB380097B0EF /* stickers564.jpg in Resources */,
				D26A9588214E969700C118CA /* 6534.jpeg in Resources */,
				D09D2B562148CB380097B0EF /* GPUImageSoftEleganceFilter.png in Resources */,
				D09D2B632148CB380097B0EF /* record_ico_input_1@3x.png in Resources */,
				D26A9592214E969700C118CA /* 6513.mp3 in Resources */,
				D26A90D1214DF6BA00C118CA /* icon_watermark.png in Resources */,
				D26A957D214E969700C118CA /* 6427.mp3 in Resources */,
				D26A90D5214DF8CF00C118CA /* Fullscreen@2x.png in Resources */,
				D09D2B302148CB380097B0EF /* stickers538.jpg in Resources */,
				D09D2B322148CB380097B0EF /* stickers529.jpg in Resources */,
				D09D2B4F2148CB380097B0EF /* lookup_soft_elegance_1.png in Resources */,
				D26A9585214E969700C118CA /* 6536.mp3 in Resources */,
				D26A9591214E969700C118CA /* 6473.mp3 in Resources */,
				D09D2B622148CB380097B0EF /* cammera@3x.png in Resources */,
				D09D2B262148CB380097B0EF /* stickers559.jpg in Resources */,
				D09D2C862148E5550097B0EF /* icon_weixin_pyq_selected@3x.png in Resources */,
				D26A959F214E969700C118CA /* 6455.jpeg in Resources */,
				D09D2B5A2148CB380097B0EF /* GPUImageSaturationFilter0.png in Resources */,
				D09D27D32148BB670097B0EF /* Assets.xcassets in Resources */,
				D09D2C822148E5550097B0EF /* GiftCheckmarkIcon@2x.png in Resources */,
				D26A9582214E969700C118CA /* 6535.jpeg in Resources */,
				D09D2B522148CB380097B0EF /* GPUImageToonFilter.png in Resources */,
				D09D2B392148CB380097B0EF /* stickers536.jpg in Resources */,
				D09D2B472148CB380097B0EF /* stickers555.jpg in Resources */,
				D09D2B2F2148CB380097B0EF /* stickers539.jpg in Resources */,
				D09D2B5E2148CB380097B0EF /* BackToHome@2x.png in Resources */,
				D26A9595214E969700C118CA /* 6302.mp3 in Resources */,
				D09D2B492148CB380097B0EF /* stickers540.jpg in Resources */,
				D09D2B482148CB380097B0EF /* stickers541.jpg in Resources */,
				D09D2B432148CB380097B0EF /* stickers542.jpg in Resources */,
				D09D2B5F2148CB380097B0EF /* music.png in Resources */,
				D09D2B362148CB380097B0EF /* stickers531.jpg in Resources */,
				D09D2B3B2148CB380097B0EF /* stickers550.jpg in Resources */,
				D09D2B532148CB380097B0EF /* GPUImageSepiaFilter.png in Resources */,
				D09D2B2C2148CB380097B0EF /* stickers548.jpg in Resources */,
				D09D2B342148CB380097B0EF /* stickers532.jpg in Resources */,
				D26A9593214E969700C118CA /* 6473.jpeg in Resources */,
				D09D2C8B2148E5EE0097B0EF /* icon_weixin_pyq_selected@2x.png in Resources */,
				D26A9597214E969700C118CA /* 6402.mp3 in Resources */,
				D09D2B642148CB380097B0EF /* beautyON@3x.png in Resources */,
				D09D2B542148CB380097B0EF /* lookup_amatorka.png in Resources */,
				D26A9598214E969700C118CA /* 5192.jpeg in Resources */,
				D09D2B592148CB380097B0EF /* GPUImageMissEtikateFilter.png in Resources */,
				D09D2B332148CB380097B0EF /* stickers533.jpg in Resources */,
				D09D2B712148CB380097B0EF /* beautyOFF@2x.png in Resources */,
				D09D2B3F2148CB380097B0EF /* stickers547.jpg in Resources */,
				D09D2B572148CB380097B0EF /* LFGPUImageEmptyFilter.jpeg in Resources */,
				D09D2B512148CB380097B0EF /* LFGPUImageEmptyFilter.png in Resources */,
				D26A9581214E969700C118CA /* 6427.jpeg in Resources */,
				D26A959C214E969700C118CA /* 6475.jpeg in Resources */,
				D26A959A214E969700C118CA /* 6401.mp3 in Resources */,
				D09D2B452148CB380097B0EF /* stickers557.jpg in Resources */,
				D09D2B352148CB380097B0EF /* stickers530.jpg in Resources */,
				D09D2B4A2148CB380097B0EF /* stickers554.jpg in Resources */,
				D09D2B692148CB380097B0EF /* BackToVideoCammer@3x.png in Resources */,
				D09D2B672148CB380097B0EF /* del@2x.png in Resources */,
				D26A9577214E969700C118CA /* 6401.jpeg in Resources */,
				D09D2C892148E5550097B0EF /* icon_weixin_pyq@2x.png in Resources */,
				D26A9584214E969700C118CA /* 6534.mp3 in Resources */,
				D26A958E214E969700C118CA /* 6429.jpeg in Resources */,
				D26A90DF214E036800C118CA /* iconBeautyOff2_40x40_@3x.png in Resources */,
				D09D2B4E2148CB380097B0EF /* lookup_soft_elegance_2.png in Resources */,
				D09D2B612148CB380097B0EF /* closeTabView@2x.png in Resources */,
				D09D2B3A2148CB380097B0EF /* stickers537.jpg in Resources */,
				D26A9580214E969700C118CA /* 12161.jpeg in Resources */,
				D26A957B214E969700C118CA /* musics.json in Resources */,
				D26A9578214E969700C118CA /* 6513.jpeg in Resources */,
				D09D2B292148CB380097B0EF /* stickers563.jpg in Resources */,
				D09D2B2B2148CB380097B0EF /* stickers560.jpg in Resources */,
				D26A957F214E969700C118CA /* 6535.mp3 in Resources */,
				D09D2B3C2148CB380097B0EF /* stickers544.jpg in Resources */,
				D09D2C882148E5550097B0EF /* icon_weixin_selected@3x.png in Resources */,
				D09D2B2E2148CB380097B0EF /* stickers561.jpg in Resources */,
				D26A9590214E969700C118CA /* 6404.jpeg in Resources */,
				D26A90E2214E036800C118CA /* iconBeautyOn2_40x40_@3x.png in Resources */,
				D09D2B282148CB380097B0EF /* stickers558.jpg in Resources */,
				D26A958A214E969700C118CA /* 6472.jpeg in Resources */,
				D09D2B582148CB380097B0EF /* GPUImageSaturationFilter2.png in Resources */,
				D09D2B662148CB380097B0EF /* nilMusic.png in Resources */,
				D09D2B312148CB380097B0EF /* stickers.json in Resources */,
				D09D2B422148CB380097B0EF /* stickers546.jpg in Resources */,
				D26A9587214E969700C118CA /* 12161.mp3 in Resources */,
				D09D2B462148CB380097B0EF /* stickers543.jpg in Resources */,
				D26A957C214E969700C118CA /* 6540.mp3 in Resources */,
				D09D2B372148CB380097B0EF /* stickers535.jpg in Resources */,
				D26A957A214E969700C118CA /* 6476.jpeg in Resources */,
				D09D2B6A2148CB380097B0EF /* record_ico_input_1@2x.png in Resources */,
				D09D2B602148CB380097B0EF /* BackToHome@3x.png in Resources */,
				D09D2B6E2148CB380097B0EF /* beautyOFF@3x.png in Resources */,
				D26A90E3214E036800C118CA /* iconBeauty_27x27_@2x.png in Resources */,
				D09D2B402148CB380097B0EF /* stickers553.jpg in Resources */,
				D09D2B2A2148CB380097B0EF /* stickers562.jpg in Resources */,
				D09D2B3D2148CB380097B0EF /* stickers545.jpg in Resources */,
				D09D2C852148E5550097B0EF /* icon_weixin_selected@2x.png in Resources */,
				D09D2B652148CB380097B0EF /* BackToVideoCammer@2x.png in Resources */,
			);
			runOnlyForDeploymentPostprocessing = 0;
		};
/* End PBXResourcesBuildPhase section */

/* Begin PBXShellScriptBuildPhase section */
		11999C1F56E557BEFAA1A12B /* [CP] Copy Pods Resources */ = {
			isa = PBXShellScriptBuildPhase;
			buildActionMask = 2147483647;
			files = (
			);
			inputPaths = (
				"${PODS_ROOT}/Target Support Files/Pods-AlpVideoCamera/Pods-AlpVideoCamera-resources.sh",
				"${PODS_ROOT}/GPUImage/framework/Resources/lookup.png",
				"${PODS_ROOT}/GPUImage/framework/Resources/lookup_amatorka.png",
				"${PODS_ROOT}/GPUImage/framework/Resources/lookup_miss_etikate.png",
				"${PODS_ROOT}/GPUImage/framework/Resources/lookup_soft_elegance_1.png",
				"${PODS_ROOT}/GPUImage/framework/Resources/lookup_soft_elegance_2.png",
				"${PODS_ROOT}/TZImagePickerController/TZImagePickerController/TZImagePickerController/TZImagePickerController.bundle",
			);
			name = "[CP] Copy Pods Resources";
			outputPaths = (
				"${TARGET_BUILD_DIR}/${UNLOCALIZED_RESOURCES_FOLDER_PATH}/lookup.png",
				"${TARGET_BUILD_DIR}/${UNLOCALIZED_RESOURCES_FOLDER_PATH}/lookup_amatorka.png",
				"${TARGET_BUILD_DIR}/${UNLOCALIZED_RESOURCES_FOLDER_PATH}/lookup_miss_etikate.png",
				"${TARGET_BUILD_DIR}/${UNLOCALIZED_RESOURCES_FOLDER_PATH}/lookup_soft_elegance_1.png",
				"${TARGET_BUILD_DIR}/${UNLOCALIZED_RESOURCES_FOLDER_PATH}/lookup_soft_elegance_2.png",
				"${TARGET_BUILD_DIR}/${UNLOCALIZED_RESOURCES_FOLDER_PATH}/TZImagePickerController.bundle",
			);
			runOnlyForDeploymentPostprocessing = 0;
			shellPath = /bin/sh;
			shellScript = "\"${PODS_ROOT}/Target Support Files/Pods-AlpVideoCamera/Pods-AlpVideoCamera-resources.sh\"\n";
			showEnvVarsInLog = 0;
		};
		36E45EE12AB6B91ECFB47F89 /* [CP] Check Pods Manifest.lock */ = {
			isa = PBXShellScriptBuildPhase;
			buildActionMask = 2147483647;
			files = (
			);
			inputPaths = (
				"${PODS_PODFILE_DIR_PATH}/Podfile.lock",
				"${PODS_ROOT}/Manifest.lock",
			);
			name = "[CP] Check Pods Manifest.lock";
			outputPaths = (
				"$(DERIVED_FILE_DIR)/Pods-AlpVideoCamera-checkManifestLockResult.txt",
			);
			runOnlyForDeploymentPostprocessing = 0;
			shellPath = /bin/sh;
			shellScript = "diff \"${PODS_PODFILE_DIR_PATH}/Podfile.lock\" \"${PODS_ROOT}/Manifest.lock\" > /dev/null\nif [ $? != 0 ] ; then\n    # print error to STDERR\n    echo \"error: The sandbox is not in sync with the Podfile.lock. Run 'pod install' or update your CocoaPods installation.\" >&2\n    exit 1\nfi\n# This output is used by Xcode 'outputs' to avoid re-running this script phase.\necho \"SUCCESS\" > \"${SCRIPT_OUTPUT_FILE_0}\"\n";
			showEnvVarsInLog = 0;
		};
/* End PBXShellScriptBuildPhase section */

/* Begin PBXSourcesBuildPhase section */
		D09D27C22148BB650097B0EF /* Sources */ = {
			isa = PBXSourcesBuildPhase;
			buildActionMask = 2147483647;
			files = (
				D26A90D8214DFD9A00C118CA /* UIImage+AlpExtensions.m in Sources */,
				D09D27CE2148BB650097B0EF /* ViewController.m in Sources */,
				D213E8A221496251002B8E63 /* AlpVideoCameraViewController.m in Sources */,
				D07D1AC8214A59AA00162D30 /* AlpEditVideoViewController.m in Sources */,
				D09D2B722148CB380097B0EF /* UIView+Tools.m in Sources */,
				D09D2B4D2148CB380097B0EF /* SDAVAssetExportSession.m in Sources */,
				D07D1ACB214A5AFF00162D30 /* AlpMusicItemCollectionViewCell.m in Sources */,
				D09D2BC92148CB380097B0EF /* GPUImageBeautifyFilter.m in Sources */,
				D07D1AC5214A586A00162D30 /* AlpEditingPublishingViewController.m in Sources */,
				D26A90EA214E0A1700C118CA /* AlpVideoCameraUtils.m in Sources */,
				D09D2BCA2148CB380097B0EF /* LFGPUImageEmptyFilter.m in Sources */,
				D26A90E7214E05E400C118CA /* UIViewController+AlpExtensions.m in Sources */,
				D09D27D92148BB670097B0EF /* main.m in Sources */,
				D213E8A521496B7E002B8E63 /* ALPVideoCameraView.m in Sources */,
				D09D27CB2148BB650097B0EF /* AppDelegate.m in Sources */,
			);
			runOnlyForDeploymentPostprocessing = 0;
		};
/* End PBXSourcesBuildPhase section */

/* Begin PBXVariantGroup section */
		D09D27D42148BB670097B0EF /* LaunchScreen.storyboard */ = {
			isa = PBXVariantGroup;
			children = (
				D09D27D52148BB670097B0EF /* Base */,
			);
			name = LaunchScreen.storyboard;
			sourceTree = "<group>";
		};
/* End PBXVariantGroup section */

/* Begin XCBuildConfiguration section */
		D09D27DA2148BB670097B0EF /* Debug */ = {
			isa = XCBuildConfiguration;
			buildSettings = {
				ALWAYS_SEARCH_USER_PATHS = NO;
				CLANG_ANALYZER_NONNULL = YES;
				CLANG_ANALYZER_NUMBER_OBJECT_CONVERSION = YES_AGGRESSIVE;
				CLANG_CXX_LANGUAGE_STANDARD = "gnu++14";
				CLANG_CXX_LIBRARY = "libc++";
				CLANG_ENABLE_MODULES = YES;
				CLANG_ENABLE_OBJC_ARC = YES;
				CLANG_ENABLE_OBJC_WEAK = YES;
				CLANG_WARN_BLOCK_CAPTURE_AUTORELEASING = YES;
				CLANG_WARN_BOOL_CONVERSION = YES;
				CLANG_WARN_COMMA = YES;
				CLANG_WARN_CONSTANT_CONVERSION = YES;
				CLANG_WARN_DEPRECATED_OBJC_IMPLEMENTATIONS = YES;
				CLANG_WARN_DIRECT_OBJC_ISA_USAGE = YES_ERROR;
				CLANG_WARN_DOCUMENTATION_COMMENTS = YES;
				CLANG_WARN_EMPTY_BODY = YES;
				CLANG_WARN_ENUM_CONVERSION = YES;
				CLANG_WARN_INFINITE_RECURSION = YES;
				CLANG_WARN_INT_CONVERSION = YES;
				CLANG_WARN_NON_LITERAL_NULL_CONVERSION = YES;
				CLANG_WARN_OBJC_IMPLICIT_RETAIN_SELF = YES;
				CLANG_WARN_OBJC_LITERAL_CONVERSION = YES;
				CLANG_WARN_OBJC_ROOT_CLASS = YES_ERROR;
				CLANG_WARN_RANGE_LOOP_ANALYSIS = YES;
				CLANG_WARN_STRICT_PROTOTYPES = YES;
				CLANG_WARN_SUSPICIOUS_MOVE = YES;
				CLANG_WARN_UNGUARDED_AVAILABILITY = YES_AGGRESSIVE;
				CLANG_WARN_UNREACHABLE_CODE = YES;
				CLANG_WARN__DUPLICATE_METHOD_MATCH = YES;
				CODE_SIGN_IDENTITY = "iPhone Developer";
				COPY_PHASE_STRIP = NO;
				DEBUG_INFORMATION_FORMAT = dwarf;
				ENABLE_STRICT_OBJC_MSGSEND = YES;
				ENABLE_TESTABILITY = YES;
				GCC_C_LANGUAGE_STANDARD = gnu11;
				GCC_DYNAMIC_NO_PIC = NO;
				GCC_NO_COMMON_BLOCKS = YES;
				GCC_OPTIMIZATION_LEVEL = 0;
				GCC_PREPROCESSOR_DEFINITIONS = (
					"DEBUG=1",
					"$(inherited)",
				);
				GCC_WARN_64_TO_32_BIT_CONVERSION = YES;
				GCC_WARN_ABOUT_RETURN_TYPE = YES_ERROR;
				GCC_WARN_UNDECLARED_SELECTOR = YES;
				GCC_WARN_UNINITIALIZED_AUTOS = YES_AGGRESSIVE;
				GCC_WARN_UNUSED_FUNCTION = YES;
				GCC_WARN_UNUSED_VARIABLE = YES;
				IPHONEOS_DEPLOYMENT_TARGET = 12.0;
				MTL_ENABLE_DEBUG_INFO = INCLUDE_SOURCE;
				MTL_FAST_MATH = YES;
				ONLY_ACTIVE_ARCH = YES;
				SDKROOT = iphoneos;
			};
			name = Debug;
		};
		D09D27DB2148BB670097B0EF /* Release */ = {
			isa = XCBuildConfiguration;
			buildSettings = {
				ALWAYS_SEARCH_USER_PATHS = NO;
				CLANG_ANALYZER_NONNULL = YES;
				CLANG_ANALYZER_NUMBER_OBJECT_CONVERSION = YES_AGGRESSIVE;
				CLANG_CXX_LANGUAGE_STANDARD = "gnu++14";
				CLANG_CXX_LIBRARY = "libc++";
				CLANG_ENABLE_MODULES = YES;
				CLANG_ENABLE_OBJC_ARC = YES;
				CLANG_ENABLE_OBJC_WEAK = YES;
				CLANG_WARN_BLOCK_CAPTURE_AUTORELEASING = YES;
				CLANG_WARN_BOOL_CONVERSION = YES;
				CLANG_WARN_COMMA = YES;
				CLANG_WARN_CONSTANT_CONVERSION = YES;
				CLANG_WARN_DEPRECATED_OBJC_IMPLEMENTATIONS = YES;
				CLANG_WARN_DIRECT_OBJC_ISA_USAGE = YES_ERROR;
				CLANG_WARN_DOCUMENTATION_COMMENTS = YES;
				CLANG_WARN_EMPTY_BODY = YES;
				CLANG_WARN_ENUM_CONVERSION = YES;
				CLANG_WARN_INFINITE_RECURSION = YES;
				CLANG_WARN_INT_CONVERSION = YES;
				CLANG_WARN_NON_LITERAL_NULL_CONVERSION = YES;
				CLANG_WARN_OBJC_IMPLICIT_RETAIN_SELF = YES;
				CLANG_WARN_OBJC_LITERAL_CONVERSION = YES;
				CLANG_WARN_OBJC_ROOT_CLASS = YES_ERROR;
				CLANG_WARN_RANGE_LOOP_ANALYSIS = YES;
				CLANG_WARN_STRICT_PROTOTYPES = YES;
				CLANG_WARN_SUSPICIOUS_MOVE = YES;
				CLANG_WARN_UNGUARDED_AVAILABILITY = YES_AGGRESSIVE;
				CLANG_WARN_UNREACHABLE_CODE = YES;
				CLANG_WARN__DUPLICATE_METHOD_MATCH = YES;
				CODE_SIGN_IDENTITY = "iPhone Developer";
				COPY_PHASE_STRIP = NO;
				DEBUG_INFORMATION_FORMAT = "dwarf-with-dsym";
				ENABLE_NS_ASSERTIONS = NO;
				ENABLE_STRICT_OBJC_MSGSEND = YES;
				GCC_C_LANGUAGE_STANDARD = gnu11;
				GCC_NO_COMMON_BLOCKS = YES;
				GCC_WARN_64_TO_32_BIT_CONVERSION = YES;
				GCC_WARN_ABOUT_RETURN_TYPE = YES_ERROR;
				GCC_WARN_UNDECLARED_SELECTOR = YES;
				GCC_WARN_UNINITIALIZED_AUTOS = YES_AGGRESSIVE;
				GCC_WARN_UNUSED_FUNCTION = YES;
				GCC_WARN_UNUSED_VARIABLE = YES;
				IPHONEOS_DEPLOYMENT_TARGET = 12.0;
				MTL_ENABLE_DEBUG_INFO = NO;
				MTL_FAST_MATH = YES;
				SDKROOT = iphoneos;
				VALIDATE_PRODUCT = YES;
			};
			name = Release;
		};
		D09D27DD2148BB670097B0EF /* Debug */ = {
			isa = XCBuildConfiguration;
			baseConfigurationReference = D4FB502AC860C9DA42E825F5 /* Pods-AlpVideoCamera.debug.xcconfig */;
			buildSettings = {
				ASSETCATALOG_COMPILER_APPICON_NAME = AppIcon;
				CODE_SIGN_STYLE = Automatic;
				DEFINES_MODULE = NO;
				DEVELOPMENT_TEAM = NKW67GFDHM;
				INFOPLIST_FILE = AlpVideoCamera/Info.plist;
				IPHONEOS_DEPLOYMENT_TARGET = 9.0;
				LD_RUNPATH_SEARCH_PATHS = (
					"$(inherited)",
					"@executable_path/Frameworks",
				);
				PRODUCT_BUNDLE_IDENTIFIER = com.alpface.AlpVideoCamera;
				PRODUCT_NAME = "$(TARGET_NAME)";
				TARGETED_DEVICE_FAMILY = "1,2";
			};
			name = Debug;
		};
		D09D27DE2148BB670097B0EF /* Release */ = {
			isa = XCBuildConfiguration;
			baseConfigurationReference = 1B254D780EB7B31891BCF4E2 /* Pods-AlpVideoCamera.release.xcconfig */;
			buildSettings = {
				ASSETCATALOG_COMPILER_APPICON_NAME = AppIcon;
				CODE_SIGN_STYLE = Automatic;
				DEFINES_MODULE = NO;
				DEVELOPMENT_TEAM = NKW67GFDHM;
				INFOPLIST_FILE = AlpVideoCamera/Info.plist;
				IPHONEOS_DEPLOYMENT_TARGET = 9.0;
				LD_RUNPATH_SEARCH_PATHS = (
					"$(inherited)",
					"@executable_path/Frameworks",
				);
				PRODUCT_BUNDLE_IDENTIFIER = com.alpface.AlpVideoCamera;
				PRODUCT_NAME = "$(TARGET_NAME)";
				TARGETED_DEVICE_FAMILY = "1,2";
			};
			name = Release;
		};
/* End XCBuildConfiguration section */

/* Begin XCConfigurationList section */
		D09D27C12148BB650097B0EF /* Build configuration list for PBXProject "AlpVideoCamera" */ = {
			isa = XCConfigurationList;
			buildConfigurations = (
				D09D27DA2148BB670097B0EF /* Debug */,
				D09D27DB2148BB670097B0EF /* Release */,
			);
			defaultConfigurationIsVisible = 0;
			defaultConfigurationName = Release;
		};
		D09D27DC2148BB670097B0EF /* Build configuration list for PBXNativeTarget "AlpVideoCamera" */ = {
			isa = XCConfigurationList;
			buildConfigurations = (
				D09D27DD2148BB670097B0EF /* Debug */,
				D09D27DE2148BB670097B0EF /* Release */,
			);
			defaultConfigurationIsVisible = 0;
			defaultConfigurationName = Release;
		};
/* End XCConfigurationList section */
	};
	rootObject = D09D27BE2148BB650097B0EF /* Project object */;
}
