// !$*UTF8*$!
{
	archiveVersion = 1;
	classes = {
	};
	objectVersion = 50;
	objects = {

/* Begin PBXBuildFile section */
		D09D27CB2148BB650097B0EF /* AppDelegate.m in Sources */ = {isa = PBXBuildFile; fileRef = D09D27CA2148BB650097B0EF /* AppDelegate.m */; };
		D09D27CE2148BB650097B0EF /* ViewController.m in Sources */ = {isa = PBXBuildFile; fileRef = D09D27CD2148BB650097B0EF /* ViewController.m */; };
		D09D27D12148BB650097B0EF /* Main.storyboard in Resources */ = {isa = PBXBuildFile; fileRef = D09D27CF2148BB650097B0EF /* Main.storyboard */; };
		D09D27D32148BB670097B0EF /* Assets.xcassets in Resources */ = {isa = PBXBuildFile; fileRef = D09D27D22148BB670097B0EF /* Assets.xcassets */; };
		D09D27D62148BB670097B0EF /* LaunchScreen.storyboard in Resources */ = {isa = PBXBuildFile; fileRef = D09D27D42148BB670097B0EF /* LaunchScreen.storyboard */; };
		D09D27D92148BB670097B0EF /* main.m in Sources */ = {isa = PBXBuildFile; fileRef = D09D27D82148BB670097B0EF /* main.m */; };
/* End PBXBuildFile section */

/* Begin PBXFileReference section */
		D09D27C62148BB650097B0EF /* AlpVideoCamera.app */ = {isa = PBXFileReference; explicitFileType = wrapper.application; includeInIndex = 0; path = AlpVideoCamera.app; sourceTree = BUILT_PRODUCTS_DIR; };
		D09D27C92148BB650097B0EF /* AppDelegate.h */ = {isa = PBXFileReference; lastKnownFileType = sourcecode.c.h; path = AppDelegate.h; sourceTree = "<group>"; };
		D09D27CA2148BB650097B0EF /* AppDelegate.m */ = {isa = PBXFileReference; lastKnownFileType = sourcecode.c.objc; path = AppDelegate.m; sourceTree = "<group>"; };
		D09D27CC2148BB650097B0EF /* ViewController.h */ = {isa = PBXFileReference; lastKnownFileType = sourcecode.c.h; path = ViewController.h; sourceTree = "<group>"; };
		D09D27CD2148BB650097B0EF /* ViewController.m */ = {isa = PBXFileReference; lastKnownFileType = sourcecode.c.objc; path = ViewController.m; sourceTree = "<group>"; };
		D09D27D02148BB650097B0EF /* Base */ = {isa = PBXFileReference; lastKnownFileType = file.storyboard; name = Base; path = Base.lproj/Main.storyboard; sourceTree = "<group>"; };
		D09D27D22148BB670097B0EF /* Assets.xcassets */ = {isa = PBXFileReference; lastKnownFileType = folder.assetcatalog; path = Assets.xcassets; sourceTree = "<group>"; };
		D09D27D52148BB670097B0EF /* Base */ = {isa = PBXFileReference; lastKnownFileType = file.storyboard; name = Base; path = Base.lproj/LaunchScreen.storyboard; sourceTree = "<group>"; };
		D09D27D72148BB670097B0EF /* Info.plist */ = {isa = PBXFileReference; lastKnownFileType = text.plist.xml; path = Info.plist; sourceTree = "<group>"; };
		D09D27D82148BB670097B0EF /* main.m */ = {isa = PBXFileReference; lastKnownFileType = sourcecode.c.objc; path = main.m; sourceTree = "<group>"; };
/* End PBXFileReference section */

/* Begin PBXFrameworksBuildPhase section */
		D09D27C32148BB650097B0EF /* Frameworks */ = {
			isa = PBXFrameworksBuildPhase;
			buildActionMask = 2147483647;
			files = (
			);
			runOnlyForDeploymentPostprocessing = 0;
		};
/* End PBXFrameworksBuildPhase section */

/* Begin PBXGroup section */
		D09D27BD2148BB650097B0EF = {
			isa = PBXGroup;
			children = (
				D09D27C82148BB650097B0EF /* AlpVideoCamera */,
				D09D27C72148BB650097B0EF /* Products */,
			);
			sourceTree = "<group>";
		};
		D09D27C72148BB650097B0EF /* Products */ = {
			isa = PBXGroup;
			children = (
				D09D27C62148BB650097B0EF /* AlpVideoCamera.app */,
			);
			name = Products;
			sourceTree = "<group>";
		};
		D09D27C82148BB650097B0EF /* AlpVideoCamera */ = {
			isa = PBXGroup;
			children = (
				D09D27C92148BB650097B0EF /* AppDelegate.h */,
				D09D27CA2148BB650097B0EF /* AppDelegate.m */,
				D09D27CC2148BB650097B0EF /* ViewController.h */,
				D09D27CD2148BB650097B0EF /* ViewController.m */,
				D09D27CF2148BB650097B0EF /* Main.storyboard */,
				D09D27D22148BB670097B0EF /* Assets.xcassets */,
				D09D27D42148BB670097B0EF /* LaunchScreen.storyboard */,
				D09D27D72148BB670097B0EF /* Info.plist */,
				D09D27D82148BB670097B0EF /* main.m */,
			);
			path = AlpVideoCamera;
			sourceTree = "<group>";
		};
/* End PBXGroup section */

/* Begin PBXNativeTarget section */
		D09D27C52148BB650097B0EF /* AlpVideoCamera */ = {
			isa = PBXNativeTarget;
			buildConfigurationList = D09D27DC2148BB670097B0EF /* Build configuration list for PBXNativeTarget "AlpVideoCamera" */;
			buildPhases = (
				D09D27C22148BB650097B0EF /* Sources */,
				D09D27C32148BB650097B0EF /* Frameworks */,
				D09D27C42148BB650097B0EF /* Resources */,
			);
			buildRules = (
			);
			dependencies = (
			);
			name = AlpVideoCamera;
			productName = AlpVideoCamera;
			productReference = D09D27C62148BB650097B0EF /* AlpVideoCamera.app */;
			productType = "com.apple.product-type.application";
		};
/* End PBXNativeTarget section */

/* Begin PBXProject section */
		D09D27BE2148BB650097B0EF /* Project object */ = {
			isa = PBXProject;
			attributes = {
				LastUpgradeCheck = 1000;
				ORGANIZATIONNAME = xiaoyuan;
				TargetAttributes = {
					D09D27C52148BB650097B0EF = {
						CreatedOnToolsVersion = 10.0;
					};
				};
			};
			buildConfigurationList = D09D27C12148BB650097B0EF /* Build configuration list for PBXProject "AlpVideoCamera" */;
			compatibilityVersion = "Xcode 9.3";
			developmentRegion = en;
			hasScannedForEncodings = 0;
			knownRegions = (
				en,
				Base,
			);
			mainGroup = D09D27BD2148BB650097B0EF;
			productRefGroup = D09D27C72148BB650097B0EF /* Products */;
			projectDirPath = "";
			projectRoot = "";
			targets = (
				D09D27C52148BB650097B0EF /* AlpVideoCamera */,
			);
		};
/* End PBXProject section */

/* Begin PBXResourcesBuildPhase section */
		D09D27C42148BB650097B0EF /* Resources */ = {
			isa = PBXResourcesBuildPhase;
			buildActionMask = 2147483647;
			files = (
				D09D27D62148BB670097B0EF /* LaunchScreen.storyboard in Resources */,
				D09D27D32148BB670097B0EF /* Assets.xcassets in Resources */,
				D09D27D12148BB650097B0EF /* Main.storyboard in Resources */,
			);
			runOnlyForDeploymentPostprocessing = 0;
		};
/* End PBXResourcesBuildPhase section */

/* Begin PBXSourcesBuildPhase section */
		D09D27C22148BB650097B0EF /* Sources */ = {
			isa = PBXSourcesBuildPhase;
			buildActionMask = 2147483647;
			files = (
				D09D27CE2148BB650097B0EF /* ViewController.m in Sources */,
				D09D27D92148BB670097B0EF /* main.m in Sources */,
				D09D27CB2148BB650097B0EF /* AppDelegate.m in Sources */,
			);
			runOnlyForDeploymentPostprocessing = 0;
		};
/* End PBXSourcesBuildPhase section */

/* Begin PBXVariantGroup section */
		D09D27CF2148BB650097B0EF /* Main.storyboard */ = {
			isa = PBXVariantGroup;
			children = (
				D09D27D02148BB650097B0EF /* Base */,
			);
			name = Main.storyboard;
			sourceTree = "<group>";
		};
		D09D27D42148BB670097B0EF /* LaunchScreen.storyboard */ = {
			isa = PBXVariantGroup;
			children = (
				D09D27D52148BB670097B0EF /* Base */,
			);
			name = LaunchScreen.storyboard;
			sourceTree = "<group>";
		};
/* End PBXVariantGroup section */

/* Begin XCBuildConfiguration section */
		D09D27DA2148BB670097B0EF /* Debug */ = {
			isa = XCBuildConfiguration;
			buildSettings = {
				ALWAYS_SEARCH_USER_PATHS = NO;
				CLANG_ANALYZER_NONNULL = YES;
				CLANG_ANALYZER_NUMBER_OBJECT_CONVERSION = YES_AGGRESSIVE;
				CLANG_CXX_LANGUAGE_STANDARD = "gnu++14";
				CLANG_CXX_LIBRARY = "libc++";
				CLANG_ENABLE_MODULES = YES;
				CLANG_ENABLE_OBJC_ARC = YES;
				CLANG_ENABLE_OBJC_WEAK = YES;
				CLANG_WARN_BLOCK_CAPTURE_AUTORELEASING = YES;
				CLANG_WARN_BOOL_CONVERSION = YES;
				CLANG_WARN_COMMA = YES;
				CLANG_WARN_CONSTANT_CONVERSION = YES;
				CLANG_WARN_DEPRECATED_OBJC_IMPLEMENTATIONS = YES;
				CLANG_WARN_DIRECT_OBJC_ISA_USAGE = YES_ERROR;
				CLANG_WARN_DOCUMENTATION_COMMENTS = YES;
				CLANG_WARN_EMPTY_BODY = YES;
				CLANG_WARN_ENUM_CONVERSION = YES;
				CLANG_WARN_INFINITE_RECURSION = YES;
				CLANG_WARN_INT_CONVERSION = YES;
				CLANG_WARN_NON_LITERAL_NULL_CONVERSION = YES;
				CLANG_WARN_OBJC_IMPLICIT_RETAIN_SELF = YES;
				CLANG_WARN_OBJC_LITERAL_CONVERSION = YES;
				CLANG_WARN_OBJC_ROOT_CLASS = YES_ERROR;
				CLANG_WARN_RANGE_LOOP_ANALYSIS = YES;
				CLANG_WARN_STRICT_PROTOTYPES = YES;
				CLANG_WARN_SUSPICIOUS_MOVE = YES;
				CLANG_WARN_UNGUARDED_AVAILABILITY = YES_AGGRESSIVE;
				CLANG_WARN_UNREACHABLE_CODE = YES;
				CLANG_WARN__DUPLICATE_METHOD_MATCH = YES;
				CODE_SIGN_IDENTITY = "iPhone Developer";
				COPY_PHASE_STRIP = NO;
				DEBUG_INFORMATION_FORMAT = dwarf;
				ENABLE_STRICT_OBJC_MSGSEND = YES;
				ENABLE_TESTABILITY = YES;
				GCC_C_LANGUAGE_STANDARD = gnu11;
				GCC_DYNAMIC_NO_PIC = NO;
				GCC_NO_COMMON_BLOCKS = YES;
				GCC_OPTIMIZATION_LEVEL = 0;
				GCC_PREPROCESSOR_DEFINITIONS = (
					"DEBUG=1",
					"$(inherited)",
				);
				GCC_WARN_64_TO_32_BIT_CONVERSION = YES;
				GCC_WARN_ABOUT_RETURN_TYPE = YES_ERROR;
				GCC_WARN_UNDECLARED_SELECTOR = YES;
				GCC_WARN_UNINITIALIZED_AUTOS = YES_AGGRESSIVE;
				GCC_WARN_UNUSED_FUNCTION = YES;
				GCC_WARN_UNUSED_VARIABLE = YES;
				IPHONEOS_DEPLOYMENT_TARGET = 12.0;
				MTL_ENABLE_DEBUG_INFO = INCLUDE_SOURCE;
				MTL_FAST_MATH = YES;
				ONLY_ACTIVE_ARCH = YES;
				SDKROOT = iphoneos;
			};
			name = Debug;
		};
		D09D27DB2148BB670097B0EF /* Release */ = {
			isa = XCBuildConfiguration;
			buildSettings = {
				ALWAYS_SEARCH_USER_PATHS = NO;
				CLANG_ANALYZER_NONNULL = YES;
				CLANG_ANALYZER_NUMBER_OBJECT_CONVERSION = YES_AGGRESSIVE;
				CLANG_CXX_LANGUAGE_STANDARD = "gnu++14";
				CLANG_CXX_LIBRARY = "libc++";
				CLANG_ENABLE_MODULES = YES;
				CLANG_ENABLE_OBJC_ARC = YES;
				CLANG_ENABLE_OBJC_WEAK = YES;
				CLANG_WARN_BLOCK_CAPTURE_AUTORELEASING = YES;
				CLANG_WARN_BOOL_CONVERSION = YES;
				CLANG_WARN_COMMA = YES;
				CLANG_WARN_CONSTANT_CONVERSION = YES;
				CLANG_WARN_DEPRECATED_OBJC_IMPLEMENTATIONS = YES;
				CLANG_WARN_DIRECT_OBJC_ISA_USAGE = YES_ERROR;
				CLANG_WARN_DOCUMENTATION_COMMENTS = YES;
				CLANG_WARN_EMPTY_BODY = YES;
				CLANG_WARN_ENUM_CONVERSION = YES;
				CLANG_WARN_INFINITE_RECURSION = YES;
				CLANG_WARN_INT_CONVERSION = YES;
				CLANG_WARN_NON_LITERAL_NULL_CONVERSION = YES;
				CLANG_WARN_OBJC_IMPLICIT_RETAIN_SELF = YES;
				CLANG_WARN_OBJC_LITERAL_CONVERSION = YES;
				CLANG_WARN_OBJC_ROOT_CLASS = YES_ERROR;
				CLANG_WARN_RANGE_LOOP_ANALYSIS = YES;
				CLANG_WARN_STRICT_PROTOTYPES = YES;
				CLANG_WARN_SUSPICIOUS_MOVE = YES;
				CLANG_WARN_UNGUARDED_AVAILABILITY = YES_AGGRESSIVE;
				CLANG_WARN_UNREACHABLE_CODE = YES;
				CLANG_WARN__DUPLICATE_METHOD_MATCH = YES;
				CODE_SIGN_IDENTITY = "iPhone Developer";
				COPY_PHASE_STRIP = NO;
				DEBUG_INFORMATION_FORMAT = "dwarf-with-dsym";
				ENABLE_NS_ASSERTIONS = NO;
				ENABLE_STRICT_OBJC_MSGSEND = YES;
				GCC_C_LANGUAGE_STANDARD = gnu11;
				GCC_NO_COMMON_BLOCKS = YES;
				GCC_WARN_64_TO_32_BIT_CONVERSION = YES;
				GCC_WARN_ABOUT_RETURN_TYPE = YES_ERROR;
				GCC_WARN_UNDECLARED_SELECTOR = YES;
				GCC_WARN_UNINITIALIZED_AUTOS = YES_AGGRESSIVE;
				GCC_WARN_UNUSED_FUNCTION = YES;
				GCC_WARN_UNUSED_VARIABLE = YES;
				IPHONEOS_DEPLOYMENT_TARGET = 12.0;
				MTL_ENABLE_DEBUG_INFO = NO;
				MTL_FAST_MATH = YES;
				SDKROOT = iphoneos;
				VALIDATE_PRODUCT = YES;
			};
			name = Release;
		};
		D09D27DD2148BB670097B0EF /* Debug */ = {
			isa = XCBuildConfiguration;
			buildSettings = {
				ASSETCATALOG_COMPILER_APPICON_NAME = AppIcon;
				CODE_SIGN_STYLE = Automatic;
				DEVELOPMENT_TEAM = NKW67GFDHM;
				INFOPLIST_FILE = AlpVideoCamera/Info.plist;
				LD_RUNPATH_SEARCH_PATHS = (
					"$(inherited)",
					"@executable_path/Frameworks",
				);
				PRODUCT_BUNDLE_IDENTIFIER = com.alpface.AlpVideoCamera;
				PRODUCT_NAME = "$(TARGET_NAME)";
				TARGETED_DEVICE_FAMILY = "1,2";
			};
			name = Debug;
		};
		D09D27DE2148BB670097B0EF /* Release */ = {
			isa = XCBuildConfiguration;
			buildSettings = {
				ASSETCATALOG_COMPILER_APPICON_NAME = AppIcon;
				CODE_SIGN_STYLE = Automatic;
				DEVELOPMENT_TEAM = NKW67GFDHM;
				INFOPLIST_FILE = AlpVideoCamera/Info.plist;
				LD_RUNPATH_SEARCH_PATHS = (
					"$(inherited)",
					"@executable_path/Frameworks",
				);
				PRODUCT_BUNDLE_IDENTIFIER = com.alpface.AlpVideoCamera;
				PRODUCT_NAME = "$(TARGET_NAME)";
				TARGETED_DEVICE_FAMILY = "1,2";
			};
			name = Release;
		};
/* End XCBuildConfiguration section */

/* Begin XCConfigurationList section */
		D09D27C12148BB650097B0EF /* Build configuration list for PBXProject "AlpVideoCamera" */ = {
			isa = XCConfigurationList;
			buildConfigurations = (
				D09D27DA2148BB670097B0EF /* Debug */,
				D09D27DB2148BB670097B0EF /* Release */,
			);
			defaultConfigurationIsVisible = 0;
			defaultConfigurationName = Release;
		};
		D09D27DC2148BB670097B0EF /* Build configuration list for PBXNativeTarget "AlpVideoCamera" */ = {
			isa = XCConfigurationList;
			buildConfigurations = (
				D09D27DD2148BB670097B0EF /* Debug */,
				D09D27DE2148BB670097B0EF /* Release */,
			);
			defaultConfigurationIsVisible = 0;
			defaultConfigurationName = Release;
		};
/* End XCConfigurationList section */
	};
	rootObject = D09D27BE2148BB650097B0EF /* Project object */;
}
